// !$*UTF8*$!
{
	archiveVersion = 1;
	classes = {
	};
	objectVersion = 56;
	objects = {

/* Begin PBXBuildFile section */
		239E081E2B80424A0036AD81 /* AccountInfoView.swift in Sources */ = {isa = PBXBuildFile; fileRef = 239E081D2B80424A0036AD81 /* AccountInfoView.swift */; };
		23D1E0E32B7A8FDE00539A62 /* Serenova_2_0App.swift in Sources */ = {isa = PBXBuildFile; fileRef = 23D1E0E22B7A8FDE00539A62 /* Serenova_2_0App.swift */; };
		23D1E0E52B7A8FDE00539A62 /* ContentView.swift in Sources */ = {isa = PBXBuildFile; fileRef = 23D1E0E42B7A8FDE00539A62 /* ContentView.swift */; };
		23D1E0E72B7A8FDF00539A62 /* Assets.xcassets in Resources */ = {isa = PBXBuildFile; fileRef = 23D1E0E62B7A8FDF00539A62 /* Assets.xcassets */; };
		23D1E0EA2B7A8FDF00539A62 /* Preview Assets.xcassets in Resources */ = {isa = PBXBuildFile; fileRef = 23D1E0E92B7A8FDF00539A62 /* Preview Assets.xcassets */; };
		23D1E0F42B7A8FDF00539A62 /* Serenova_2_0Tests.swift in Sources */ = {isa = PBXBuildFile; fileRef = 23D1E0F32B7A8FDF00539A62 /* Serenova_2_0Tests.swift */; };
		23D1E0FE2B7A8FDF00539A62 /* Serenova_2_0UITests.swift in Sources */ = {isa = PBXBuildFile; fileRef = 23D1E0FD2B7A8FDF00539A62 /* Serenova_2_0UITests.swift */; };
		23D1E1002B7A8FDF00539A62 /* Serenova_2_0UITestsLaunchTests.swift in Sources */ = {isa = PBXBuildFile; fileRef = 23D1E0FF2B7A8FDF00539A62 /* Serenova_2_0UITestsLaunchTests.swift */; };
		B14607202B82AACB00DDC3F3 /* iPhoneNumberField in Frameworks */ = {isa = PBXBuildFile; productRef = B146071F2B82AACB00DDC3F3 /* iPhoneNumberField */; };
		B1961BED2B81520F00B27781 /* FirebaseAnalytics in Frameworks */ = {isa = PBXBuildFile; productRef = B1961BEC2B81520F00B27781 /* FirebaseAnalytics */; };
		B1961BEF2B81520F00B27781 /* FirebaseAnalyticsSwift in Frameworks */ = {isa = PBXBuildFile; productRef = B1961BEE2B81520F00B27781 /* FirebaseAnalyticsSwift */; };
		B1961BF12B81520F00B27781 /* FirebaseAppCheck in Frameworks */ = {isa = PBXBuildFile; productRef = B1961BF02B81520F00B27781 /* FirebaseAppCheck */; };
		B1961BF32B81520F00B27781 /* FirebaseAuth in Frameworks */ = {isa = PBXBuildFile; productRef = B1961BF22B81520F00B27781 /* FirebaseAuth */; };
		B1961BF52B81520F00B27781 /* FirebaseCrashlytics in Frameworks */ = {isa = PBXBuildFile; productRef = B1961BF42B81520F00B27781 /* FirebaseCrashlytics */; };
		B1961BF72B81520F00B27781 /* FirebaseDatabase in Frameworks */ = {isa = PBXBuildFile; productRef = B1961BF62B81520F00B27781 /* FirebaseDatabase */; };
		B1961BF92B81520F00B27781 /* FirebaseDatabaseSwift in Frameworks */ = {isa = PBXBuildFile; productRef = B1961BF82B81520F00B27781 /* FirebaseDatabaseSwift */; };
		B1961BFB2B81520F00B27781 /* FirebaseDynamicLinks in Frameworks */ = {isa = PBXBuildFile; productRef = B1961BFA2B81520F00B27781 /* FirebaseDynamicLinks */; };
		B1961BFD2B81520F00B27781 /* FirebaseFunctions in Frameworks */ = {isa = PBXBuildFile; productRef = B1961BFC2B81520F00B27781 /* FirebaseFunctions */; };
		B1961BFF2B81520F00B27781 /* FirebaseInstallations in Frameworks */ = {isa = PBXBuildFile; productRef = B1961BFE2B81520F00B27781 /* FirebaseInstallations */; };
		B1961C012B81520F00B27781 /* FirebaseMLModelDownloader in Frameworks */ = {isa = PBXBuildFile; productRef = B1961C002B81520F00B27781 /* FirebaseMLModelDownloader */; };
		B1961C032B81520F00B27781 /* FirebasePerformance in Frameworks */ = {isa = PBXBuildFile; productRef = B1961C022B81520F00B27781 /* FirebasePerformance */; };
		B1961C052B81520F00B27781 /* FirebaseRemoteConfig in Frameworks */ = {isa = PBXBuildFile; productRef = B1961C042B81520F00B27781 /* FirebaseRemoteConfig */; };
		B1961C072B81520F00B27781 /* FirebaseRemoteConfigSwift in Frameworks */ = {isa = PBXBuildFile; productRef = B1961C062B81520F00B27781 /* FirebaseRemoteConfigSwift */; };
		B1961C092B81520F00B27781 /* FirebaseStorage in Frameworks */ = {isa = PBXBuildFile; productRef = B1961C082B81520F00B27781 /* FirebaseStorage */; };
		B1CB24552B866E0500AE8685 /* Nova_Square in Resources */ = {isa = PBXBuildFile; fileRef = B1CB24542B866E0500AE8685 /* Nova_Square */; };
		B1CB24562B866E0500AE8685 /* Nova_Square in Resources */ = {isa = PBXBuildFile; fileRef = B1CB24542B866E0500AE8685 /* Nova_Square */; };
		B1CB24572B866E0500AE8685 /* Nova_Square in Resources */ = {isa = PBXBuildFile; fileRef = B1CB24542B866E0500AE8685 /* Nova_Square */; };
		B1CB24582B866E0500AE8685 /* Nova_Square in Resources */ = {isa = PBXBuildFile; fileRef = B1CB24542B866E0500AE8685 /* Nova_Square */; };
		B1CB24612B87C18B00AE8685 /* LoginView.swift in Sources */ = {isa = PBXBuildFile; fileRef = 239E08192B7FC8990036AD81 /* LoginView.swift */; };
		B1CB24652B87C56F00AE8685 /* Article.swift in Sources */ = {isa = PBXBuildFile; fileRef = B1CB24642B87C56F00AE8685 /* Article.swift */; };
		B1CB24672B87C57100AE8685 /* Conversation.swift in Sources */ = {isa = PBXBuildFile; fileRef = B1CB24662B87C57100AE8685 /* Conversation.swift */; };
		B1CB24692B87C57500AE8685 /* Journal.swift in Sources */ = {isa = PBXBuildFile; fileRef = B1CB24682B87C57500AE8685 /* Journal.swift */; };
		B1CB246D2B87C58200AE8685 /* Post.swift in Sources */ = {isa = PBXBuildFile; fileRef = B1CB246C2B87C58200AE8685 /* Post.swift */; };
		B1CB246F2B87C58700AE8685 /* SleepLog.swift in Sources */ = {isa = PBXBuildFile; fileRef = B1CB246E2B87C58700AE8685 /* SleepLog.swift */; };
		B1CB24712B87C58900AE8685 /* SocialData.swift in Sources */ = {isa = PBXBuildFile; fileRef = B1CB24702B87C58900AE8685 /* SocialData.swift */; };
		B1CB24732B87C5A000AE8685 /* User.swift in Sources */ = {isa = PBXBuildFile; fileRef = B1CB24722B87C5A000AE8685 /* User.swift */; };
		B1CB24752B87C5D700AE8685 /* Message.swift in Sources */ = {isa = PBXBuildFile; fileRef = B1CB24742B87C5D700AE8685 /* Message.swift */; };
		E0231FFE2B7DB93D009A4E39 /* ColorExtensions.swift in Sources */ = {isa = PBXBuildFile; fileRef = E0231FFD2B7DB93D009A4E39 /* ColorExtensions.swift */; };
		E029E4FB2B7DAC4F00E8220B /* SignUpView.swift in Sources */ = {isa = PBXBuildFile; fileRef = E029E4FA2B7DAC4F00E8220B /* SignUpView.swift */; };
		E0934ECA2B85BA8B00494176 /* CreateUserInfoView.swift in Sources */ = {isa = PBXBuildFile; fileRef = E0934EC92B85BA8B00494176 /* CreateUserInfoView.swift */; };
		E0D1C15F2B880EED00A7609C /* SleepGoalsView.swift in Sources */ = {isa = PBXBuildFile; fileRef = E0D1C15E2B880EED00A7609C /* SleepGoalsView.swift */; };
		E0D1C1662B8810B900A7609C /* ViewExensions.swift in Sources */ = {isa = PBXBuildFile; fileRef = E0D1C1652B8810B900A7609C /* ViewExensions.swift */; };
		E0D1C1682B8815DF00A7609C /* SleepLogView.swift in Sources */ = {isa = PBXBuildFile; fileRef = E0D1C1672B8815DF00A7609C /* SleepLogView.swift */; };
		E0D1C16A2B88244700A7609C /* DateExtensions.swift in Sources */ = {isa = PBXBuildFile; fileRef = E0D1C1692B88244700A7609C /* DateExtensions.swift */; };
		E0EF57532B8A489D00D72221 /* ForumPostView.swift in Sources */ = {isa = PBXBuildFile; fileRef = E0EF57522B8A489D00D72221 /* ForumPostView.swift */; };
		F23D7CDF2B7FAF320018F325 /* ResetPasswordView.swift in Sources */ = {isa = PBXBuildFile; fileRef = F23D7CDE2B7FAF320018F325 /* ResetPasswordView.swift */; };
		F285B73D2B8C2C4E00C5AC20 /* GoogleService-Info.plist in Resources */ = {isa = PBXBuildFile; fileRef = F285B73C2B8C2C4E00C5AC20 /* GoogleService-Info.plist */; };
		F2D887002B8E8E9200C0A87E /* AlarmView.swift in Sources */ = {isa = PBXBuildFile; fileRef = F2D886FF2B8E8E9200C0A87E /* AlarmView.swift */; };
		F2D887022B8EA03A00C0A87E /* AlarmListView.swift in Sources */ = {isa = PBXBuildFile; fileRef = F2D887012B8EA03A00C0A87E /* AlarmListView.swift */; };
		F2E2195E2B82EC6200235824 /* SignUpTests.swift in Sources */ = {isa = PBXBuildFile; fileRef = F2E2195D2B82EC6200235824 /* SignUpTests.swift */; };
/* End PBXBuildFile section */

/* Begin PBXContainerItemProxy section */
		23D1E0F02B7A8FDF00539A62 /* PBXContainerItemProxy */ = {
			isa = PBXContainerItemProxy;
			containerPortal = 23D1E0D72B7A8FDE00539A62 /* Project object */;
			proxyType = 1;
			remoteGlobalIDString = 23D1E0DE2B7A8FDE00539A62;
			remoteInfo = "Serenova 2.0";
		};
		23D1E0FA2B7A8FDF00539A62 /* PBXContainerItemProxy */ = {
			isa = PBXContainerItemProxy;
			containerPortal = 23D1E0D72B7A8FDE00539A62 /* Project object */;
			proxyType = 1;
			remoteGlobalIDString = 23D1E0DE2B7A8FDE00539A62;
			remoteInfo = "Serenova 2.0";
		};
		F2E219582B82EBEB00235824 /* PBXContainerItemProxy */ = {
			isa = PBXContainerItemProxy;
			containerPortal = 23D1E0D72B7A8FDE00539A62 /* Project object */;
			proxyType = 1;
			remoteGlobalIDString = 23D1E0DE2B7A8FDE00539A62;
			remoteInfo = "Serenova 2.0";
		};
/* End PBXContainerItemProxy section */

/* Begin PBXFileReference section */
		239E08192B7FC8990036AD81 /* LoginView.swift */ = {isa = PBXFileReference; lastKnownFileType = sourcecode.swift; path = LoginView.swift; sourceTree = "<group>"; tabWidth = 4; };
		239E081B2B80125C0036AD81 /* Serenova-2-0-Info.plist */ = {isa = PBXFileReference; lastKnownFileType = text.plist; path = "Serenova-2-0-Info.plist"; sourceTree = SOURCE_ROOT; };
		239E081C2B803E910036AD81 /* Serenova 2.0.entitlements */ = {isa = PBXFileReference; lastKnownFileType = text.plist.entitlements; path = "Serenova 2.0.entitlements"; sourceTree = "<group>"; };
		239E081D2B80424A0036AD81 /* AccountInfoView.swift */ = {isa = PBXFileReference; lastKnownFileType = sourcecode.swift; path = AccountInfoView.swift; sourceTree = "<group>"; };
		23D1E0DF2B7A8FDE00539A62 /* Serenova 2.0.app */ = {isa = PBXFileReference; explicitFileType = wrapper.application; includeInIndex = 0; path = "Serenova 2.0.app"; sourceTree = BUILT_PRODUCTS_DIR; };
		23D1E0E22B7A8FDE00539A62 /* Serenova_2_0App.swift */ = {isa = PBXFileReference; lastKnownFileType = sourcecode.swift; path = Serenova_2_0App.swift; sourceTree = "<group>"; };
		23D1E0E42B7A8FDE00539A62 /* ContentView.swift */ = {isa = PBXFileReference; lastKnownFileType = sourcecode.swift; path = ContentView.swift; sourceTree = "<group>"; };
		23D1E0E62B7A8FDF00539A62 /* Assets.xcassets */ = {isa = PBXFileReference; lastKnownFileType = folder.assetcatalog; path = Assets.xcassets; sourceTree = "<group>"; };
		23D1E0E92B7A8FDF00539A62 /* Preview Assets.xcassets */ = {isa = PBXFileReference; lastKnownFileType = folder.assetcatalog; path = "Preview Assets.xcassets"; sourceTree = "<group>"; };
		23D1E0EF2B7A8FDF00539A62 /* Serenova 2.0Tests.xctest */ = {isa = PBXFileReference; explicitFileType = wrapper.cfbundle; includeInIndex = 0; path = "Serenova 2.0Tests.xctest"; sourceTree = BUILT_PRODUCTS_DIR; };
		23D1E0F32B7A8FDF00539A62 /* Serenova_2_0Tests.swift */ = {isa = PBXFileReference; lastKnownFileType = sourcecode.swift; path = Serenova_2_0Tests.swift; sourceTree = "<group>"; };
		23D1E0F92B7A8FDF00539A62 /* Serenova 2.0UITests.xctest */ = {isa = PBXFileReference; explicitFileType = wrapper.cfbundle; includeInIndex = 0; path = "Serenova 2.0UITests.xctest"; sourceTree = BUILT_PRODUCTS_DIR; };
		23D1E0FD2B7A8FDF00539A62 /* Serenova_2_0UITests.swift */ = {isa = PBXFileReference; lastKnownFileType = sourcecode.swift; path = Serenova_2_0UITests.swift; sourceTree = "<group>"; };
		23D1E0FF2B7A8FDF00539A62 /* Serenova_2_0UITestsLaunchTests.swift */ = {isa = PBXFileReference; lastKnownFileType = sourcecode.swift; path = Serenova_2_0UITestsLaunchTests.swift; sourceTree = "<group>"; };
		B1CB24542B866E0500AE8685 /* Nova_Square */ = {isa = PBXFileReference; lastKnownFileType = folder; path = Nova_Square; sourceTree = "<group>"; };
		B1CB24642B87C56F00AE8685 /* Article.swift */ = {isa = PBXFileReference; fileEncoding = 4; lastKnownFileType = sourcecode.swift; path = Article.swift; sourceTree = "<group>"; };
		B1CB24662B87C57100AE8685 /* Conversation.swift */ = {isa = PBXFileReference; lastKnownFileType = sourcecode.swift; path = Conversation.swift; sourceTree = "<group>"; };
		B1CB24682B87C57500AE8685 /* Journal.swift */ = {isa = PBXFileReference; lastKnownFileType = sourcecode.swift; path = Journal.swift; sourceTree = "<group>"; };
		B1CB246C2B87C58200AE8685 /* Post.swift */ = {isa = PBXFileReference; lastKnownFileType = sourcecode.swift; path = Post.swift; sourceTree = "<group>"; };
		B1CB246E2B87C58700AE8685 /* SleepLog.swift */ = {isa = PBXFileReference; lastKnownFileType = sourcecode.swift; path = SleepLog.swift; sourceTree = "<group>"; };
		B1CB24702B87C58900AE8685 /* SocialData.swift */ = {isa = PBXFileReference; lastKnownFileType = sourcecode.swift; path = SocialData.swift; sourceTree = "<group>"; };
		B1CB24722B87C5A000AE8685 /* User.swift */ = {isa = PBXFileReference; lastKnownFileType = sourcecode.swift; path = User.swift; sourceTree = "<group>"; };
		B1CB24742B87C5D700AE8685 /* Message.swift */ = {isa = PBXFileReference; fileEncoding = 4; lastKnownFileType = sourcecode.swift; path = Message.swift; sourceTree = "<group>"; };
		E0231FFD2B7DB93D009A4E39 /* ColorExtensions.swift */ = {isa = PBXFileReference; lastKnownFileType = sourcecode.swift; path = ColorExtensions.swift; sourceTree = "<group>"; };
		E029E4FA2B7DAC4F00E8220B /* SignUpView.swift */ = {isa = PBXFileReference; lastKnownFileType = sourcecode.swift; path = SignUpView.swift; sourceTree = "<group>"; };
		E0934EC92B85BA8B00494176 /* CreateUserInfoView.swift */ = {isa = PBXFileReference; lastKnownFileType = sourcecode.swift; path = CreateUserInfoView.swift; sourceTree = "<group>"; };
		E0D1C15E2B880EED00A7609C /* SleepGoalsView.swift */ = {isa = PBXFileReference; lastKnownFileType = sourcecode.swift; path = SleepGoalsView.swift; sourceTree = "<group>"; };
		E0D1C1652B8810B900A7609C /* ViewExensions.swift */ = {isa = PBXFileReference; lastKnownFileType = sourcecode.swift; path = ViewExensions.swift; sourceTree = "<group>"; };
		E0D1C1672B8815DF00A7609C /* SleepLogView.swift */ = {isa = PBXFileReference; lastKnownFileType = sourcecode.swift; path = SleepLogView.swift; sourceTree = "<group>"; };
		E0D1C1692B88244700A7609C /* DateExtensions.swift */ = {isa = PBXFileReference; lastKnownFileType = sourcecode.swift; path = DateExtensions.swift; sourceTree = "<group>"; };
		E0EF57522B8A489D00D72221 /* ForumPostView.swift */ = {isa = PBXFileReference; lastKnownFileType = sourcecode.swift; path = ForumPostView.swift; sourceTree = "<group>"; };
		F23D7CDE2B7FAF320018F325 /* ResetPasswordView.swift */ = {isa = PBXFileReference; lastKnownFileType = sourcecode.swift; path = ResetPasswordView.swift; sourceTree = "<group>"; };
		F285B73C2B8C2C4E00C5AC20 /* GoogleService-Info.plist */ = {isa = PBXFileReference; fileEncoding = 4; lastKnownFileType = text.plist.xml; name = "GoogleService-Info.plist"; path = "../../../Desktop/GoogleService-Info.plist"; sourceTree = "<group>"; };
		F2D886FF2B8E8E9200C0A87E /* AlarmView.swift */ = {isa = PBXFileReference; lastKnownFileType = sourcecode.swift; path = AlarmView.swift; sourceTree = "<group>"; };
		F2D887012B8EA03A00C0A87E /* AlarmListView.swift */ = {isa = PBXFileReference; lastKnownFileType = sourcecode.swift; path = AlarmListView.swift; sourceTree = "<group>"; };
		F2E219542B82EBEB00235824 /* Serenova 2.0Tests2.xctest */ = {isa = PBXFileReference; explicitFileType = wrapper.cfbundle; includeInIndex = 0; path = "Serenova 2.0Tests2.xctest"; sourceTree = BUILT_PRODUCTS_DIR; };
		F2E2195D2B82EC6200235824 /* SignUpTests.swift */ = {isa = PBXFileReference; lastKnownFileType = sourcecode.swift; path = SignUpTests.swift; sourceTree = "<group>"; };
/* End PBXFileReference section */

/* Begin PBXFrameworksBuildPhase section */
		23D1E0DC2B7A8FDE00539A62 /* Frameworks */ = {
			isa = PBXFrameworksBuildPhase;
			buildActionMask = 2147483647;
			files = (
				B1961BF92B81520F00B27781 /* FirebaseDatabaseSwift in Frameworks */,
				B14607202B82AACB00DDC3F3 /* iPhoneNumberField in Frameworks */,
				B1961BF72B81520F00B27781 /* FirebaseDatabase in Frameworks */,
				B1961C032B81520F00B27781 /* FirebasePerformance in Frameworks */,
				B1961C072B81520F00B27781 /* FirebaseRemoteConfigSwift in Frameworks */,
				B1961BEF2B81520F00B27781 /* FirebaseAnalyticsSwift in Frameworks */,
				B1961BFD2B81520F00B27781 /* FirebaseFunctions in Frameworks */,
				B1961BFB2B81520F00B27781 /* FirebaseDynamicLinks in Frameworks */,
				B1961BF12B81520F00B27781 /* FirebaseAppCheck in Frameworks */,
				B1961C092B81520F00B27781 /* FirebaseStorage in Frameworks */,
				B1961BF52B81520F00B27781 /* FirebaseCrashlytics in Frameworks */,
				B1961C012B81520F00B27781 /* FirebaseMLModelDownloader in Frameworks */,
				B1961BED2B81520F00B27781 /* FirebaseAnalytics in Frameworks */,
				B1961C052B81520F00B27781 /* FirebaseRemoteConfig in Frameworks */,
				B1961BF32B81520F00B27781 /* FirebaseAuth in Frameworks */,
				B1961BFF2B81520F00B27781 /* FirebaseInstallations in Frameworks */,
			);
			runOnlyForDeploymentPostprocessing = 0;
		};
		23D1E0EC2B7A8FDF00539A62 /* Frameworks */ = {
			isa = PBXFrameworksBuildPhase;
			buildActionMask = 2147483647;
			files = (
			);
			runOnlyForDeploymentPostprocessing = 0;
		};
		23D1E0F62B7A8FDF00539A62 /* Frameworks */ = {
			isa = PBXFrameworksBuildPhase;
			buildActionMask = 2147483647;
			files = (
			);
			runOnlyForDeploymentPostprocessing = 0;
		};
		F2E219512B82EBEB00235824 /* Frameworks */ = {
			isa = PBXFrameworksBuildPhase;
			buildActionMask = 2147483647;
			files = (
			);
			runOnlyForDeploymentPostprocessing = 0;
		};
/* End PBXFrameworksBuildPhase section */

/* Begin PBXGroup section */
		23D1E0D62B7A8FDE00539A62 = {
			isa = PBXGroup;
			children = (
				23D1E0E12B7A8FDE00539A62 /* Serenova 2.0 */,
				23D1E0F22B7A8FDF00539A62 /* Serenova 2.0Tests */,
				23D1E0FC2B7A8FDF00539A62 /* Serenova 2.0UITests */,
				23D1E0E02B7A8FDE00539A62 /* Products */,
			);
			sourceTree = "<group>";
		};
		23D1E0E02B7A8FDE00539A62 /* Products */ = {
			isa = PBXGroup;
			children = (
				23D1E0DF2B7A8FDE00539A62 /* Serenova 2.0.app */,
				23D1E0EF2B7A8FDF00539A62 /* Serenova 2.0Tests.xctest */,
				23D1E0F92B7A8FDF00539A62 /* Serenova 2.0UITests.xctest */,
				F2E219542B82EBEB00235824 /* Serenova 2.0Tests2.xctest */,
			);
			name = Products;
			sourceTree = "<group>";
		};
		23D1E0E12B7A8FDE00539A62 /* Serenova 2.0 */ = {
			isa = PBXGroup;
			children = (
				B1CB24632B87C55B00AE8685 /* Class */,
				B1CB24542B866E0500AE8685 /* Nova_Square */,
				239E081C2B803E910036AD81 /* Serenova 2.0.entitlements */,
				239E081B2B80125C0036AD81 /* Serenova-2-0-Info.plist */,
				F285B73C2B8C2C4E00C5AC20 /* GoogleService-Info.plist */,
				E0231FFB2B7DB8F8009A4E39 /* Extensions */,
				23D1E0E22B7A8FDE00539A62 /* Serenova_2_0App.swift */,
				239E081D2B80424A0036AD81 /* AccountInfoView.swift */,
				E029E4FA2B7DAC4F00E8220B /* SignUpView.swift */,
				E0EF57522B8A489D00D72221 /* ForumPostView.swift */,
				E0934EC92B85BA8B00494176 /* CreateUserInfoView.swift */,
				E0D1C15E2B880EED00A7609C /* SleepGoalsView.swift */,
				E0D1C1672B8815DF00A7609C /* SleepLogView.swift */,
				F23D7CDE2B7FAF320018F325 /* ResetPasswordView.swift */,
				F2D886FF2B8E8E9200C0A87E /* AlarmView.swift */,
				F2D887012B8EA03A00C0A87E /* AlarmListView.swift */,
				239E08192B7FC8990036AD81 /* LoginView.swift */,
				23D1E0E42B7A8FDE00539A62 /* ContentView.swift */,
				23D1E0E62B7A8FDF00539A62 /* Assets.xcassets */,
				23D1E0E82B7A8FDF00539A62 /* Preview Content */,
			);
			path = "Serenova 2.0";
			sourceTree = "<group>";
		};
		23D1E0E82B7A8FDF00539A62 /* Preview Content */ = {
			isa = PBXGroup;
			children = (
				23D1E0E92B7A8FDF00539A62 /* Preview Assets.xcassets */,
			);
			path = "Preview Content";
			sourceTree = "<group>";
		};
		23D1E0F22B7A8FDF00539A62 /* Serenova 2.0Tests */ = {
			isa = PBXGroup;
			children = (
				23D1E0F32B7A8FDF00539A62 /* Serenova_2_0Tests.swift */,
				F2E2195D2B82EC6200235824 /* SignUpTests.swift */,
			);
			path = "Serenova 2.0Tests";
			sourceTree = "<group>";
		};
		23D1E0FC2B7A8FDF00539A62 /* Serenova 2.0UITests */ = {
			isa = PBXGroup;
			children = (
				23D1E0FD2B7A8FDF00539A62 /* Serenova_2_0UITests.swift */,
				23D1E0FF2B7A8FDF00539A62 /* Serenova_2_0UITestsLaunchTests.swift */,
			);
			path = "Serenova 2.0UITests";
			sourceTree = "<group>";
		};
		B1CB24632B87C55B00AE8685 /* Class */ = {
			isa = PBXGroup;
			children = (
				B1CB24742B87C5D700AE8685 /* Message.swift */,
				B1CB24642B87C56F00AE8685 /* Article.swift */,
				B1CB24662B87C57100AE8685 /* Conversation.swift */,
				B1CB24682B87C57500AE8685 /* Journal.swift */,
				B1CB246C2B87C58200AE8685 /* Post.swift */,
				B1CB246E2B87C58700AE8685 /* SleepLog.swift */,
				B1CB24702B87C58900AE8685 /* SocialData.swift */,
				B1CB24722B87C5A000AE8685 /* User.swift */,
			);
			path = Class;
			sourceTree = "<group>";
		};
		E0231FFB2B7DB8F8009A4E39 /* Extensions */ = {
			isa = PBXGroup;
			children = (
				E0231FFD2B7DB93D009A4E39 /* ColorExtensions.swift */,
				E0D1C1692B88244700A7609C /* DateExtensions.swift */,
				E0D1C1652B8810B900A7609C /* ViewExensions.swift */,
			);
			path = Extensions;
			sourceTree = "<group>";
		};
/* End PBXGroup section */

/* Begin PBXNativeTarget section */
		23D1E0DE2B7A8FDE00539A62 /* Serenova 2.0 */ = {
			isa = PBXNativeTarget;
			buildConfigurationList = 23D1E1032B7A8FDF00539A62 /* Build configuration list for PBXNativeTarget "Serenova 2.0" */;
			buildPhases = (
				23D1E0DB2B7A8FDE00539A62 /* Sources */,
				23D1E0DC2B7A8FDE00539A62 /* Frameworks */,
				23D1E0DD2B7A8FDE00539A62 /* Resources */,
			);
			buildRules = (
			);
			dependencies = (
			);
			name = "Serenova 2.0";
			packageProductDependencies = (
				B1961BEC2B81520F00B27781 /* FirebaseAnalytics */,
				B1961BEE2B81520F00B27781 /* FirebaseAnalyticsSwift */,
				B1961BF02B81520F00B27781 /* FirebaseAppCheck */,
				B1961BF22B81520F00B27781 /* FirebaseAuth */,
				B1961BF42B81520F00B27781 /* FirebaseCrashlytics */,
				B1961BF62B81520F00B27781 /* FirebaseDatabase */,
				B1961BF82B81520F00B27781 /* FirebaseDatabaseSwift */,
				B1961BFA2B81520F00B27781 /* FirebaseDynamicLinks */,
				B1961BFC2B81520F00B27781 /* FirebaseFunctions */,
				B1961BFE2B81520F00B27781 /* FirebaseInstallations */,
				B1961C002B81520F00B27781 /* FirebaseMLModelDownloader */,
				B1961C022B81520F00B27781 /* FirebasePerformance */,
				B1961C042B81520F00B27781 /* FirebaseRemoteConfig */,
				B1961C062B81520F00B27781 /* FirebaseRemoteConfigSwift */,
				B1961C082B81520F00B27781 /* FirebaseStorage */,
				B146071F2B82AACB00DDC3F3 /* iPhoneNumberField */,
			);
			productName = "Serenova 2.0";
			productReference = 23D1E0DF2B7A8FDE00539A62 /* Serenova 2.0.app */;
			productType = "com.apple.product-type.application";
		};
		23D1E0EE2B7A8FDF00539A62 /* Serenova 2.0Tests */ = {
			isa = PBXNativeTarget;
			buildConfigurationList = 23D1E1062B7A8FDF00539A62 /* Build configuration list for PBXNativeTarget "Serenova 2.0Tests" */;
			buildPhases = (
				23D1E0EB2B7A8FDF00539A62 /* Sources */,
				23D1E0EC2B7A8FDF00539A62 /* Frameworks */,
				23D1E0ED2B7A8FDF00539A62 /* Resources */,
			);
			buildRules = (
			);
			dependencies = (
				23D1E0F12B7A8FDF00539A62 /* PBXTargetDependency */,
			);
			name = "Serenova 2.0Tests";
			productName = "Serenova 2.0Tests";
			productReference = 23D1E0EF2B7A8FDF00539A62 /* Serenova 2.0Tests.xctest */;
			productType = "com.apple.product-type.bundle.unit-test";
		};
		23D1E0F82B7A8FDF00539A62 /* Serenova 2.0UITests */ = {
			isa = PBXNativeTarget;
			buildConfigurationList = 23D1E1092B7A8FDF00539A62 /* Build configuration list for PBXNativeTarget "Serenova 2.0UITests" */;
			buildPhases = (
				23D1E0F52B7A8FDF00539A62 /* Sources */,
				23D1E0F62B7A8FDF00539A62 /* Frameworks */,
				23D1E0F72B7A8FDF00539A62 /* Resources */,
			);
			buildRules = (
			);
			dependencies = (
				23D1E0FB2B7A8FDF00539A62 /* PBXTargetDependency */,
			);
			name = "Serenova 2.0UITests";
			productName = "Serenova 2.0UITests";
			productReference = 23D1E0F92B7A8FDF00539A62 /* Serenova 2.0UITests.xctest */;
			productType = "com.apple.product-type.bundle.ui-testing";
		};
		F2E219532B82EBEB00235824 /* Serenova 2.0Tests2 */ = {
			isa = PBXNativeTarget;
			buildConfigurationList = F2E2195C2B82EBEB00235824 /* Build configuration list for PBXNativeTarget "Serenova 2.0Tests2" */;
			buildPhases = (
				F2E219502B82EBEB00235824 /* Sources */,
				F2E219512B82EBEB00235824 /* Frameworks */,
				F2E219522B82EBEB00235824 /* Resources */,
			);
			buildRules = (
			);
			dependencies = (
				F2E219592B82EBEB00235824 /* PBXTargetDependency */,
			);
			name = "Serenova 2.0Tests2";
			productName = "Serenova 2.0Tests2";
			productReference = F2E219542B82EBEB00235824 /* Serenova 2.0Tests2.xctest */;
			productType = "com.apple.product-type.bundle.unit-test";
		};
/* End PBXNativeTarget section */

/* Begin PBXProject section */
		23D1E0D72B7A8FDE00539A62 /* Project object */ = {
			isa = PBXProject;
			attributes = {
				BuildIndependentTargetsInParallel = 1;
				LastSwiftUpdateCheck = 1520;
				LastUpgradeCheck = 1520;
				TargetAttributes = {
					23D1E0DE2B7A8FDE00539A62 = {
						CreatedOnToolsVersion = 15.2;
					};
					23D1E0EE2B7A8FDF00539A62 = {
						CreatedOnToolsVersion = 15.2;
						TestTargetID = 23D1E0DE2B7A8FDE00539A62;
					};
					23D1E0F82B7A8FDF00539A62 = {
						CreatedOnToolsVersion = 15.2;
						TestTargetID = 23D1E0DE2B7A8FDE00539A62;
					};
					F2E219532B82EBEB00235824 = {
						CreatedOnToolsVersion = 15.2;
						TestTargetID = 23D1E0DE2B7A8FDE00539A62;
					};
				};
			};
			buildConfigurationList = 23D1E0DA2B7A8FDE00539A62 /* Build configuration list for PBXProject "Serenova 2.0" */;
			compatibilityVersion = "Xcode 14.0";
			developmentRegion = en;
			hasScannedForEncodings = 0;
			knownRegions = (
				en,
				Base,
			);
			mainGroup = 23D1E0D62B7A8FDE00539A62;
			packageReferences = (
				B1961BEB2B81520F00B27781 /* XCRemoteSwiftPackageReference "firebase-ios-sdk" */,
				B146071E2B82AACB00DDC3F3 /* XCRemoteSwiftPackageReference "iPhoneNumberField" */,
			);
			productRefGroup = 23D1E0E02B7A8FDE00539A62 /* Products */;
			projectDirPath = "";
			projectRoot = "";
			targets = (
				23D1E0DE2B7A8FDE00539A62 /* Serenova 2.0 */,
				23D1E0EE2B7A8FDF00539A62 /* Serenova 2.0Tests */,
				23D1E0F82B7A8FDF00539A62 /* Serenova 2.0UITests */,
				F2E219532B82EBEB00235824 /* Serenova 2.0Tests2 */,
			);
		};
/* End PBXProject section */

/* Begin PBXResourcesBuildPhase section */
		23D1E0DD2B7A8FDE00539A62 /* Resources */ = {
			isa = PBXResourcesBuildPhase;
			buildActionMask = 2147483647;
			files = (
				23D1E0EA2B7A8FDF00539A62 /* Preview Assets.xcassets in Resources */,
				F285B73D2B8C2C4E00C5AC20 /* GoogleService-Info.plist in Resources */,
				23D1E0E72B7A8FDF00539A62 /* Assets.xcassets in Resources */,
				B1CB24552B866E0500AE8685 /* Nova_Square in Resources */,
			);
			runOnlyForDeploymentPostprocessing = 0;
		};
		23D1E0ED2B7A8FDF00539A62 /* Resources */ = {
			isa = PBXResourcesBuildPhase;
			buildActionMask = 2147483647;
			files = (
				B1CB24562B866E0500AE8685 /* Nova_Square in Resources */,
			);
			runOnlyForDeploymentPostprocessing = 0;
		};
		23D1E0F72B7A8FDF00539A62 /* Resources */ = {
			isa = PBXResourcesBuildPhase;
			buildActionMask = 2147483647;
			files = (
				B1CB24572B866E0500AE8685 /* Nova_Square in Resources */,
			);
			runOnlyForDeploymentPostprocessing = 0;
		};
		F2E219522B82EBEB00235824 /* Resources */ = {
			isa = PBXResourcesBuildPhase;
			buildActionMask = 2147483647;
			files = (
				B1CB24582B866E0500AE8685 /* Nova_Square in Resources */,
			);
			runOnlyForDeploymentPostprocessing = 0;
		};
/* End PBXResourcesBuildPhase section */

/* Begin PBXSourcesBuildPhase section */
		23D1E0DB2B7A8FDE00539A62 /* Sources */ = {
			isa = PBXSourcesBuildPhase;
			buildActionMask = 2147483647;
			files = (
				B1CB24712B87C58900AE8685 /* SocialData.swift in Sources */,
				23D1E0E52B7A8FDE00539A62 /* ContentView.swift in Sources */,
				E0D1C16A2B88244700A7609C /* DateExtensions.swift in Sources */,
				E0D1C15F2B880EED00A7609C /* SleepGoalsView.swift in Sources */,
				E0231FFE2B7DB93D009A4E39 /* ColorExtensions.swift in Sources */,
				B1CB24752B87C5D700AE8685 /* Message.swift in Sources */,
				E0D1C1662B8810B900A7609C /* ViewExensions.swift in Sources */,
				F23D7CDF2B7FAF320018F325 /* ResetPasswordView.swift in Sources */,
				B1CB24612B87C18B00AE8685 /* LoginView.swift in Sources */,
				B1CB24652B87C56F00AE8685 /* Article.swift in Sources */,
				B1CB246D2B87C58200AE8685 /* Post.swift in Sources */,
				B1CB24732B87C5A000AE8685 /* User.swift in Sources */,
				B1CB24672B87C57100AE8685 /* Conversation.swift in Sources */,
				E0EF57532B8A489D00D72221 /* ForumPostView.swift in Sources */,
				F2D887022B8EA03A00C0A87E /* AlarmListView.swift in Sources */,
				E029E4FB2B7DAC4F00E8220B /* SignUpView.swift in Sources */,
				E0934ECA2B85BA8B00494176 /* CreateUserInfoView.swift in Sources */,
				23D1E0E32B7A8FDE00539A62 /* Serenova_2_0App.swift in Sources */,
				B1CB246F2B87C58700AE8685 /* SleepLog.swift in Sources */,
				F2D887002B8E8E9200C0A87E /* AlarmView.swift in Sources */,
				239E081E2B80424A0036AD81 /* AccountInfoView.swift in Sources */,
				B1CB24692B87C57500AE8685 /* Journal.swift in Sources */,
				E0D1C1682B8815DF00A7609C /* SleepLogView.swift in Sources */,
			);
			runOnlyForDeploymentPostprocessing = 0;
		};
		23D1E0EB2B7A8FDF00539A62 /* Sources */ = {
			isa = PBXSourcesBuildPhase;
			buildActionMask = 2147483647;
			files = (
				23D1E0F42B7A8FDF00539A62 /* Serenova_2_0Tests.swift in Sources */,
				F2E2195E2B82EC6200235824 /* SignUpTests.swift in Sources */,
			);
			runOnlyForDeploymentPostprocessing = 0;
		};
		23D1E0F52B7A8FDF00539A62 /* Sources */ = {
			isa = PBXSourcesBuildPhase;
			buildActionMask = 2147483647;
			files = (
				23D1E0FE2B7A8FDF00539A62 /* Serenova_2_0UITests.swift in Sources */,
				23D1E1002B7A8FDF00539A62 /* Serenova_2_0UITestsLaunchTests.swift in Sources */,
			);
			runOnlyForDeploymentPostprocessing = 0;
		};
		F2E219502B82EBEB00235824 /* Sources */ = {
			isa = PBXSourcesBuildPhase;
			buildActionMask = 2147483647;
			files = (
			);
			runOnlyForDeploymentPostprocessing = 0;
		};
/* End PBXSourcesBuildPhase section */

/* Begin PBXTargetDependency section */
		23D1E0F12B7A8FDF00539A62 /* PBXTargetDependency */ = {
			isa = PBXTargetDependency;
			target = 23D1E0DE2B7A8FDE00539A62 /* Serenova 2.0 */;
			targetProxy = 23D1E0F02B7A8FDF00539A62 /* PBXContainerItemProxy */;
		};
		23D1E0FB2B7A8FDF00539A62 /* PBXTargetDependency */ = {
			isa = PBXTargetDependency;
			target = 23D1E0DE2B7A8FDE00539A62 /* Serenova 2.0 */;
			targetProxy = 23D1E0FA2B7A8FDF00539A62 /* PBXContainerItemProxy */;
		};
		F2E219592B82EBEB00235824 /* PBXTargetDependency */ = {
			isa = PBXTargetDependency;
			target = 23D1E0DE2B7A8FDE00539A62 /* Serenova 2.0 */;
			targetProxy = F2E219582B82EBEB00235824 /* PBXContainerItemProxy */;
		};
/* End PBXTargetDependency section */

/* Begin XCBuildConfiguration section */
		23D1E1012B7A8FDF00539A62 /* Debug */ = {
			isa = XCBuildConfiguration;
			buildSettings = {
				ALWAYS_SEARCH_USER_PATHS = NO;
				ASSETCATALOG_COMPILER_GENERATE_SWIFT_ASSET_SYMBOL_EXTENSIONS = YES;
				CLANG_ANALYZER_NONNULL = YES;
				CLANG_ANALYZER_NUMBER_OBJECT_CONVERSION = YES_AGGRESSIVE;
				CLANG_CXX_LANGUAGE_STANDARD = "gnu++20";
				CLANG_ENABLE_MODULES = YES;
				CLANG_ENABLE_OBJC_ARC = YES;
				CLANG_ENABLE_OBJC_WEAK = YES;
				CLANG_WARN_BLOCK_CAPTURE_AUTORELEASING = YES;
				CLANG_WARN_BOOL_CONVERSION = YES;
				CLANG_WARN_COMMA = YES;
				CLANG_WARN_CONSTANT_CONVERSION = YES;
				CLANG_WARN_DEPRECATED_OBJC_IMPLEMENTATIONS = YES;
				CLANG_WARN_DIRECT_OBJC_ISA_USAGE = YES_ERROR;
				CLANG_WARN_DOCUMENTATION_COMMENTS = YES;
				CLANG_WARN_EMPTY_BODY = YES;
				CLANG_WARN_ENUM_CONVERSION = YES;
				CLANG_WARN_INFINITE_RECURSION = YES;
				CLANG_WARN_INT_CONVERSION = YES;
				CLANG_WARN_NON_LITERAL_NULL_CONVERSION = YES;
				CLANG_WARN_OBJC_IMPLICIT_RETAIN_SELF = YES;
				CLANG_WARN_OBJC_LITERAL_CONVERSION = YES;
				CLANG_WARN_OBJC_ROOT_CLASS = YES_ERROR;
				CLANG_WARN_QUOTED_INCLUDE_IN_FRAMEWORK_HEADER = YES;
				CLANG_WARN_RANGE_LOOP_ANALYSIS = YES;
				CLANG_WARN_STRICT_PROTOTYPES = YES;
				CLANG_WARN_SUSPICIOUS_MOVE = YES;
				CLANG_WARN_UNGUARDED_AVAILABILITY = YES_AGGRESSIVE;
				CLANG_WARN_UNREACHABLE_CODE = YES;
				CLANG_WARN__DUPLICATE_METHOD_MATCH = YES;
				COPY_PHASE_STRIP = NO;
				DEBUG_INFORMATION_FORMAT = dwarf;
				ENABLE_STRICT_OBJC_MSGSEND = YES;
				ENABLE_TESTABILITY = YES;
				ENABLE_USER_SCRIPT_SANDBOXING = YES;
				GCC_C_LANGUAGE_STANDARD = gnu17;
				GCC_DYNAMIC_NO_PIC = NO;
				GCC_NO_COMMON_BLOCKS = YES;
				GCC_OPTIMIZATION_LEVEL = 0;
				GCC_PREPROCESSOR_DEFINITIONS = (
					"DEBUG=1",
					"$(inherited)",
				);
				GCC_WARN_64_TO_32_BIT_CONVERSION = YES;
				GCC_WARN_ABOUT_RETURN_TYPE = YES_ERROR;
				GCC_WARN_UNDECLARED_SELECTOR = YES;
				GCC_WARN_UNINITIALIZED_AUTOS = YES_AGGRESSIVE;
				GCC_WARN_UNUSED_FUNCTION = YES;
				GCC_WARN_UNUSED_VARIABLE = YES;
				IPHONEOS_DEPLOYMENT_TARGET = 17.2;
				LOCALIZATION_PREFERS_STRING_CATALOGS = YES;
				MTL_ENABLE_DEBUG_INFO = INCLUDE_SOURCE;
				MTL_FAST_MATH = YES;
				ONLY_ACTIVE_ARCH = YES;
				SDKROOT = iphoneos;
				SWIFT_ACTIVE_COMPILATION_CONDITIONS = "DEBUG $(inherited)";
				SWIFT_OPTIMIZATION_LEVEL = "-Onone";
			};
			name = Debug;
		};
		23D1E1022B7A8FDF00539A62 /* Release */ = {
			isa = XCBuildConfiguration;
			buildSettings = {
				ALWAYS_SEARCH_USER_PATHS = NO;
				ASSETCATALOG_COMPILER_GENERATE_SWIFT_ASSET_SYMBOL_EXTENSIONS = YES;
				CLANG_ANALYZER_NONNULL = YES;
				CLANG_ANALYZER_NUMBER_OBJECT_CONVERSION = YES_AGGRESSIVE;
				CLANG_CXX_LANGUAGE_STANDARD = "gnu++20";
				CLANG_ENABLE_MODULES = YES;
				CLANG_ENABLE_OBJC_ARC = YES;
				CLANG_ENABLE_OBJC_WEAK = YES;
				CLANG_WARN_BLOCK_CAPTURE_AUTORELEASING = YES;
				CLANG_WARN_BOOL_CONVERSION = YES;
				CLANG_WARN_COMMA = YES;
				CLANG_WARN_CONSTANT_CONVERSION = YES;
				CLANG_WARN_DEPRECATED_OBJC_IMPLEMENTATIONS = YES;
				CLANG_WARN_DIRECT_OBJC_ISA_USAGE = YES_ERROR;
				CLANG_WARN_DOCUMENTATION_COMMENTS = YES;
				CLANG_WARN_EMPTY_BODY = YES;
				CLANG_WARN_ENUM_CONVERSION = YES;
				CLANG_WARN_INFINITE_RECURSION = YES;
				CLANG_WARN_INT_CONVERSION = YES;
				CLANG_WARN_NON_LITERAL_NULL_CONVERSION = YES;
				CLANG_WARN_OBJC_IMPLICIT_RETAIN_SELF = YES;
				CLANG_WARN_OBJC_LITERAL_CONVERSION = YES;
				CLANG_WARN_OBJC_ROOT_CLASS = YES_ERROR;
				CLANG_WARN_QUOTED_INCLUDE_IN_FRAMEWORK_HEADER = YES;
				CLANG_WARN_RANGE_LOOP_ANALYSIS = YES;
				CLANG_WARN_STRICT_PROTOTYPES = YES;
				CLANG_WARN_SUSPICIOUS_MOVE = YES;
				CLANG_WARN_UNGUARDED_AVAILABILITY = YES_AGGRESSIVE;
				CLANG_WARN_UNREACHABLE_CODE = YES;
				CLANG_WARN__DUPLICATE_METHOD_MATCH = YES;
				COPY_PHASE_STRIP = NO;
				DEBUG_INFORMATION_FORMAT = "dwarf-with-dsym";
				ENABLE_NS_ASSERTIONS = NO;
				ENABLE_STRICT_OBJC_MSGSEND = YES;
				ENABLE_USER_SCRIPT_SANDBOXING = YES;
				GCC_C_LANGUAGE_STANDARD = gnu17;
				GCC_NO_COMMON_BLOCKS = YES;
				GCC_WARN_64_TO_32_BIT_CONVERSION = YES;
				GCC_WARN_ABOUT_RETURN_TYPE = YES_ERROR;
				GCC_WARN_UNDECLARED_SELECTOR = YES;
				GCC_WARN_UNINITIALIZED_AUTOS = YES_AGGRESSIVE;
				GCC_WARN_UNUSED_FUNCTION = YES;
				GCC_WARN_UNUSED_VARIABLE = YES;
				IPHONEOS_DEPLOYMENT_TARGET = 17.2;
				LOCALIZATION_PREFERS_STRING_CATALOGS = YES;
				MTL_ENABLE_DEBUG_INFO = NO;
				MTL_FAST_MATH = YES;
				SDKROOT = iphoneos;
				SWIFT_COMPILATION_MODE = wholemodule;
				VALIDATE_PRODUCT = YES;
			};
			name = Release;
		};
		23D1E1042B7A8FDF00539A62 /* Debug */ = {
			isa = XCBuildConfiguration;
			buildSettings = {
				ASSETCATALOG_COMPILER_APPICON_NAME = AppIcon;
				ASSETCATALOG_COMPILER_GLOBAL_ACCENT_COLOR_NAME = AccentColor;
				CODE_SIGN_ENTITLEMENTS = "Serenova 2.0/Serenova 2.0.entitlements";
				CODE_SIGN_STYLE = Automatic;
				CURRENT_PROJECT_VERSION = 1;
				DEVELOPMENT_ASSET_PATHS = "\"Serenova 2.0/Preview Content\"";
				DEVELOPMENT_TEAM = 9298P5Q8AB;
				ENABLE_PREVIEWS = YES;
				GENERATE_INFOPLIST_FILE = YES;
				INFOPLIST_FILE = "Serenova-2-0-Info.plist";
				INFOPLIST_KEY_UIApplicationSceneManifest_Generation = YES;
				INFOPLIST_KEY_UIApplicationSupportsIndirectInputEvents = YES;
				INFOPLIST_KEY_UISupportedInterfaceOrientations_iPad = "UIInterfaceOrientationPortrait UIInterfaceOrientationPortraitUpsideDown UIInterfaceOrientationLandscapeLeft UIInterfaceOrientationLandscapeRight";
				INFOPLIST_KEY_UISupportedInterfaceOrientations_iPhone = "UIInterfaceOrientationPortrait UIInterfaceOrientationLandscapeLeft UIInterfaceOrientationLandscapeRight";
				IPHONEOS_DEPLOYMENT_TARGET = 17.2;
				LD_RUNPATH_SEARCH_PATHS = (
					"$(inherited)",
					"@executable_path/Frameworks",
				);
				MARKETING_VERSION = 1.0;
				PRODUCT_BUNDLE_IDENTIFIER = "here.Serenova-2-0";
				PRODUCT_NAME = "$(TARGET_NAME)";
				SWIFT_EMIT_LOC_STRINGS = YES;
				SWIFT_VERSION = 5.0;
				TARGETED_DEVICE_FAMILY = "1,2";
			};
			name = Debug;
		};
		23D1E1052B7A8FDF00539A62 /* Release */ = {
			isa = XCBuildConfiguration;
			buildSettings = {
				ASSETCATALOG_COMPILER_APPICON_NAME = AppIcon;
				ASSETCATALOG_COMPILER_GLOBAL_ACCENT_COLOR_NAME = AccentColor;
				CODE_SIGN_ENTITLEMENTS = "Serenova 2.0/Serenova 2.0.entitlements";
				CODE_SIGN_STYLE = Automatic;
				CURRENT_PROJECT_VERSION = 1;
				DEVELOPMENT_ASSET_PATHS = "\"Serenova 2.0/Preview Content\"";
				DEVELOPMENT_TEAM = 9298P5Q8AB;
				ENABLE_PREVIEWS = YES;
				GENERATE_INFOPLIST_FILE = YES;
				INFOPLIST_FILE = "Serenova-2-0-Info.plist";
				INFOPLIST_KEY_UIApplicationSceneManifest_Generation = YES;
				INFOPLIST_KEY_UIApplicationSupportsIndirectInputEvents = YES;
				INFOPLIST_KEY_UISupportedInterfaceOrientations_iPad = "UIInterfaceOrientationPortrait UIInterfaceOrientationPortraitUpsideDown UIInterfaceOrientationLandscapeLeft UIInterfaceOrientationLandscapeRight";
				INFOPLIST_KEY_UISupportedInterfaceOrientations_iPhone = "UIInterfaceOrientationPortrait UIInterfaceOrientationLandscapeLeft UIInterfaceOrientationLandscapeRight";
				IPHONEOS_DEPLOYMENT_TARGET = 17.2;
				LD_RUNPATH_SEARCH_PATHS = (
					"$(inherited)",
					"@executable_path/Frameworks",
				);
				MARKETING_VERSION = 1.0;
				PRODUCT_BUNDLE_IDENTIFIER = "here.Serenova-2-0";
				PRODUCT_NAME = "$(TARGET_NAME)";
				SWIFT_EMIT_LOC_STRINGS = YES;
				SWIFT_VERSION = 5.0;
				TARGETED_DEVICE_FAMILY = "1,2";
			};
			name = Release;
		};
		23D1E1072B7A8FDF00539A62 /* Debug */ = {
			isa = XCBuildConfiguration;
			buildSettings = {
				ALWAYS_EMBED_SWIFT_STANDARD_LIBRARIES = YES;
				BUNDLE_LOADER = "$(TEST_HOST)";
				CODE_SIGN_STYLE = Automatic;
				CURRENT_PROJECT_VERSION = 1;
				DEVELOPMENT_TEAM = 9298P5Q8AB;
				GENERATE_INFOPLIST_FILE = YES;
				IPHONEOS_DEPLOYMENT_TARGET = 17.2;
				MARKETING_VERSION = 1.0;
				PRODUCT_BUNDLE_IDENTIFIER = "here.Serenova-2-0Tests";
				PRODUCT_NAME = "$(TARGET_NAME)";
				SWIFT_EMIT_LOC_STRINGS = NO;
				SWIFT_VERSION = 5.0;
				TARGETED_DEVICE_FAMILY = "1,2";
				TEST_HOST = "$(BUILT_PRODUCTS_DIR)/Serenova 2.0.app/$(BUNDLE_EXECUTABLE_FOLDER_PATH)/Serenova 2.0";
			};
			name = Debug;
		};
		23D1E1082B7A8FDF00539A62 /* Release */ = {
			isa = XCBuildConfiguration;
			buildSettings = {
				ALWAYS_EMBED_SWIFT_STANDARD_LIBRARIES = YES;
				BUNDLE_LOADER = "$(TEST_HOST)";
				CODE_SIGN_STYLE = Automatic;
				CURRENT_PROJECT_VERSION = 1;
				DEVELOPMENT_TEAM = 9298P5Q8AB;
				GENERATE_INFOPLIST_FILE = YES;
				IPHONEOS_DEPLOYMENT_TARGET = 17.2;
				MARKETING_VERSION = 1.0;
				PRODUCT_BUNDLE_IDENTIFIER = "here.Serenova-2-0Tests";
				PRODUCT_NAME = "$(TARGET_NAME)";
				SWIFT_EMIT_LOC_STRINGS = NO;
				SWIFT_VERSION = 5.0;
				TARGETED_DEVICE_FAMILY = "1,2";
				TEST_HOST = "$(BUILT_PRODUCTS_DIR)/Serenova 2.0.app/$(BUNDLE_EXECUTABLE_FOLDER_PATH)/Serenova 2.0";
			};
			name = Release;
		};
		23D1E10A2B7A8FDF00539A62 /* Debug */ = {
			isa = XCBuildConfiguration;
			buildSettings = {
				ALWAYS_EMBED_SWIFT_STANDARD_LIBRARIES = YES;
				CODE_SIGN_STYLE = Automatic;
				CURRENT_PROJECT_VERSION = 1;
				DEVELOPMENT_TEAM = 9298P5Q8AB;
				GENERATE_INFOPLIST_FILE = YES;
				MARKETING_VERSION = 1.0;
				PRODUCT_BUNDLE_IDENTIFIER = "here.Serenova-2-0UITests";
				PRODUCT_NAME = "$(TARGET_NAME)";
				SWIFT_EMIT_LOC_STRINGS = NO;
				SWIFT_VERSION = 5.0;
				TARGETED_DEVICE_FAMILY = "1,2";
				TEST_TARGET_NAME = "Serenova 2.0";
			};
			name = Debug;
		};
		23D1E10B2B7A8FDF00539A62 /* Release */ = {
			isa = XCBuildConfiguration;
			buildSettings = {
				ALWAYS_EMBED_SWIFT_STANDARD_LIBRARIES = YES;
				CODE_SIGN_STYLE = Automatic;
				CURRENT_PROJECT_VERSION = 1;
				DEVELOPMENT_TEAM = 9298P5Q8AB;
				GENERATE_INFOPLIST_FILE = YES;
				MARKETING_VERSION = 1.0;
				PRODUCT_BUNDLE_IDENTIFIER = "here.Serenova-2-0UITests";
				PRODUCT_NAME = "$(TARGET_NAME)";
				SWIFT_EMIT_LOC_STRINGS = NO;
				SWIFT_VERSION = 5.0;
				TARGETED_DEVICE_FAMILY = "1,2";
				TEST_TARGET_NAME = "Serenova 2.0";
			};
			name = Release;
		};
		F2E2195A2B82EBEB00235824 /* Debug */ = {
			isa = XCBuildConfiguration;
			buildSettings = {
				BUNDLE_LOADER = "$(TEST_HOST)";
				CODE_SIGN_STYLE = Automatic;
				CURRENT_PROJECT_VERSION = 1;
				DEVELOPMENT_TEAM = W6HJ922WFB;
				GENERATE_INFOPLIST_FILE = YES;
				MARKETING_VERSION = 1.0;
				PRODUCT_BUNDLE_IDENTIFIER = "com.ishwaryasamavedhi.gpss.Serenova-2-0Tests2";
				PRODUCT_NAME = "$(TARGET_NAME)";
				SWIFT_EMIT_LOC_STRINGS = NO;
				SWIFT_VERSION = 5.0;
				TARGETED_DEVICE_FAMILY = "1,2";
				TEST_HOST = "$(BUILT_PRODUCTS_DIR)/Serenova 2.0.app/$(BUNDLE_EXECUTABLE_FOLDER_PATH)/Serenova 2.0";
			};
			name = Debug;
		};
		F2E2195B2B82EBEB00235824 /* Release */ = {
			isa = XCBuildConfiguration;
			buildSettings = {
				BUNDLE_LOADER = "$(TEST_HOST)";
				CODE_SIGN_STYLE = Automatic;
				CURRENT_PROJECT_VERSION = 1;
				DEVELOPMENT_TEAM = W6HJ922WFB;
				GENERATE_INFOPLIST_FILE = YES;
				MARKETING_VERSION = 1.0;
				PRODUCT_BUNDLE_IDENTIFIER = "com.ishwaryasamavedhi.gpss.Serenova-2-0Tests2";
				PRODUCT_NAME = "$(TARGET_NAME)";
				SWIFT_EMIT_LOC_STRINGS = NO;
				SWIFT_VERSION = 5.0;
				TARGETED_DEVICE_FAMILY = "1,2";
				TEST_HOST = "$(BUILT_PRODUCTS_DIR)/Serenova 2.0.app/$(BUNDLE_EXECUTABLE_FOLDER_PATH)/Serenova 2.0";
			};
			name = Release;
		};
/* End XCBuildConfiguration section */

/* Begin XCConfigurationList section */
		23D1E0DA2B7A8FDE00539A62 /* Build configuration list for PBXProject "Serenova 2.0" */ = {
			isa = XCConfigurationList;
			buildConfigurations = (
				23D1E1012B7A8FDF00539A62 /* Debug */,
				23D1E1022B7A8FDF00539A62 /* Release */,
			);
			defaultConfigurationIsVisible = 0;
			defaultConfigurationName = Release;
		};
		23D1E1032B7A8FDF00539A62 /* Build configuration list for PBXNativeTarget "Serenova 2.0" */ = {
			isa = XCConfigurationList;
			buildConfigurations = (
				23D1E1042B7A8FDF00539A62 /* Debug */,
				23D1E1052B7A8FDF00539A62 /* Release */,
			);
			defaultConfigurationIsVisible = 0;
			defaultConfigurationName = Release;
		};
		23D1E1062B7A8FDF00539A62 /* Build configuration list for PBXNativeTarget "Serenova 2.0Tests" */ = {
			isa = XCConfigurationList;
			buildConfigurations = (
				23D1E1072B7A8FDF00539A62 /* Debug */,
				23D1E1082B7A8FDF00539A62 /* Release */,
			);
			defaultConfigurationIsVisible = 0;
			defaultConfigurationName = Release;
		};
		23D1E1092B7A8FDF00539A62 /* Build configuration list for PBXNativeTarget "Serenova 2.0UITests" */ = {
			isa = XCConfigurationList;
			buildConfigurations = (
				23D1E10A2B7A8FDF00539A62 /* Debug */,
				23D1E10B2B7A8FDF00539A62 /* Release */,
			);
			defaultConfigurationIsVisible = 0;
			defaultConfigurationName = Release;
		};
		F2E2195C2B82EBEB00235824 /* Build configuration list for PBXNativeTarget "Serenova 2.0Tests2" */ = {
			isa = XCConfigurationList;
			buildConfigurations = (
				F2E2195A2B82EBEB00235824 /* Debug */,
				F2E2195B2B82EBEB00235824 /* Release */,
			);
			defaultConfigurationIsVisible = 0;
			defaultConfigurationName = Release;
		};
/* End XCConfigurationList section */

/* Begin XCRemoteSwiftPackageReference section */
		B146071E2B82AACB00DDC3F3 /* XCRemoteSwiftPackageReference "iPhoneNumberField" */ = {
			isa = XCRemoteSwiftPackageReference;
			repositoryURL = "https://github.com/MojtabaHs/iPhoneNumberField";
			requirement = {
				kind = upToNextMajorVersion;
				minimumVersion = 0.10.1;
			};
		};
		B1961BEB2B81520F00B27781 /* XCRemoteSwiftPackageReference "firebase-ios-sdk" */ = {
			isa = XCRemoteSwiftPackageReference;
			repositoryURL = "https://github.com/firebase/firebase-ios-sdk";
			requirement = {
				kind = upToNextMajorVersion;
				minimumVersion = 10.0.0;
			};
		};
/* End XCRemoteSwiftPackageReference section */

/* Begin XCSwiftPackageProductDependency section */
		B146071F2B82AACB00DDC3F3 /* iPhoneNumberField */ = {
			isa = XCSwiftPackageProductDependency;
			package = B146071E2B82AACB00DDC3F3 /* XCRemoteSwiftPackageReference "iPhoneNumberField" */;
			productName = iPhoneNumberField;
		};
		B1961BEC2B81520F00B27781 /* FirebaseAnalytics */ = {
			isa = XCSwiftPackageProductDependency;
			package = B1961BEB2B81520F00B27781 /* XCRemoteSwiftPackageReference "firebase-ios-sdk" */;
			productName = FirebaseAnalytics;
		};
		B1961BEE2B81520F00B27781 /* FirebaseAnalyticsSwift */ = {
			isa = XCSwiftPackageProductDependency;
			package = B1961BEB2B81520F00B27781 /* XCRemoteSwiftPackageReference "firebase-ios-sdk" */;
			productName = FirebaseAnalyticsSwift;
		};
		B1961BF02B81520F00B27781 /* FirebaseAppCheck */ = {
			isa = XCSwiftPackageProductDependency;
			package = B1961BEB2B81520F00B27781 /* XCRemoteSwiftPackageReference "firebase-ios-sdk" */;
			productName = FirebaseAppCheck;
		};
		B1961BF22B81520F00B27781 /* FirebaseAuth */ = {
			isa = XCSwiftPackageProductDependency;
			package = B1961BEB2B81520F00B27781 /* XCRemoteSwiftPackageReference "firebase-ios-sdk" */;
			productName = FirebaseAuth;
		};
		B1961BF42B81520F00B27781 /* FirebaseCrashlytics */ = {
			isa = XCSwiftPackageProductDependency;
			package = B1961BEB2B81520F00B27781 /* XCRemoteSwiftPackageReference "firebase-ios-sdk" */;
			productName = FirebaseCrashlytics;
		};
		B1961BF62B81520F00B27781 /* FirebaseDatabase */ = {
			isa = XCSwiftPackageProductDependency;
			package = B1961BEB2B81520F00B27781 /* XCRemoteSwiftPackageReference "firebase-ios-sdk" */;
			productName = FirebaseDatabase;
		};
		B1961BF82B81520F00B27781 /* FirebaseDatabaseSwift */ = {
			isa = XCSwiftPackageProductDependency;
			package = B1961BEB2B81520F00B27781 /* XCRemoteSwiftPackageReference "firebase-ios-sdk" */;
			productName = FirebaseDatabaseSwift;
		};
		B1961BFA2B81520F00B27781 /* FirebaseDynamicLinks */ = {
			isa = XCSwiftPackageProductDependency;
			package = B1961BEB2B81520F00B27781 /* XCRemoteSwiftPackageReference "firebase-ios-sdk" */;
			productName = FirebaseDynamicLinks;
		};
		B1961BFC2B81520F00B27781 /* FirebaseFunctions */ = {
			isa = XCSwiftPackageProductDependency;
			package = B1961BEB2B81520F00B27781 /* XCRemoteSwiftPackageReference "firebase-ios-sdk" */;
			productName = FirebaseFunctions;
		};
		B1961BFE2B81520F00B27781 /* FirebaseInstallations */ = {
			isa = XCSwiftPackageProductDependency;
			package = B1961BEB2B81520F00B27781 /* XCRemoteSwiftPackageReference "firebase-ios-sdk" */;
			productName = FirebaseInstallations;
		};
		B1961C002B81520F00B27781 /* FirebaseMLModelDownloader */ = {
			isa = XCSwiftPackageProductDependency;
			package = B1961BEB2B81520F00B27781 /* XCRemoteSwiftPackageReference "firebase-ios-sdk" */;
			productName = FirebaseMLModelDownloader;
		};
		B1961C022B81520F00B27781 /* FirebasePerformance */ = {
			isa = XCSwiftPackageProductDependency;
			package = B1961BEB2B81520F00B27781 /* XCRemoteSwiftPackageReference "firebase-ios-sdk" */;
			productName = FirebasePerformance;
		};
		B1961C042B81520F00B27781 /* FirebaseRemoteConfig */ = {
			isa = XCSwiftPackageProductDependency;
			package = B1961BEB2B81520F00B27781 /* XCRemoteSwiftPackageReference "firebase-ios-sdk" */;
			productName = FirebaseRemoteConfig;
		};
		B1961C062B81520F00B27781 /* FirebaseRemoteConfigSwift */ = {
			isa = XCSwiftPackageProductDependency;
			package = B1961BEB2B81520F00B27781 /* XCRemoteSwiftPackageReference "firebase-ios-sdk" */;
			productName = FirebaseRemoteConfigSwift;
		};
		B1961C082B81520F00B27781 /* FirebaseStorage */ = {
			isa = XCSwiftPackageProductDependency;
			package = B1961BEB2B81520F00B27781 /* XCRemoteSwiftPackageReference "firebase-ios-sdk" */;
			productName = FirebaseStorage;
		};
/* End XCSwiftPackageProductDependency section */
	};
	rootObject = 23D1E0D72B7A8FDE00539A62 /* Project object */;
}
