// !$*UTF8*$!
{
	archiveVersion = 1;
	classes = {
	};
	objectVersion = 56;
	objects = {

/* Begin PBXBuildFile section */
		23D1E0E32B7A8FDE00539A62 /* Serenova_2_0App.swift in Sources */ = {isa = PBXBuildFile; fileRef = 23D1E0E22B7A8FDE00539A62 /* Serenova_2_0App.swift */; };
		23D1E0E52B7A8FDE00539A62 /* ContentView.swift in Sources */ = {isa = PBXBuildFile; fileRef = 23D1E0E42B7A8FDE00539A62 /* ContentView.swift */; };
		23D1E0E72B7A8FDF00539A62 /* Assets.xcassets in Resources */ = {isa = PBXBuildFile; fileRef = 23D1E0E62B7A8FDF00539A62 /* Assets.xcassets */; };
		23D1E0EA2B7A8FDF00539A62 /* Preview Assets.xcassets in Resources */ = {isa = PBXBuildFile; fileRef = 23D1E0E92B7A8FDF00539A62 /* Preview Assets.xcassets */; };
		23D1E0F42B7A8FDF00539A62 /* Serenova_2_0Tests.swift in Sources */ = {isa = PBXBuildFile; fileRef = 23D1E0F32B7A8FDF00539A62 /* Serenova_2_0Tests.swift */; };
		23D1E0FE2B7A8FDF00539A62 /* Serenova_2_0UITests.swift in Sources */ = {isa = PBXBuildFile; fileRef = 23D1E0FD2B7A8FDF00539A62 /* Serenova_2_0UITests.swift */; };
		23D1E1002B7A8FDF00539A62 /* Serenova_2_0UITestsLaunchTests.swift in Sources */ = {isa = PBXBuildFile; fileRef = 23D1E0FF2B7A8FDF00539A62 /* Serenova_2_0UITestsLaunchTests.swift */; };
		E0231FFE2B7DB93D009A4E39 /* ColorExtensions.swift in Sources */ = {isa = PBXBuildFile; fileRef = E0231FFD2B7DB93D009A4E39 /* ColorExtensions.swift */; };
		E029E4FB2B7DAC4F00E8220B /* SignUpView.swift in Sources */ = {isa = PBXBuildFile; fileRef = E029E4FA2B7DAC4F00E8220B /* SignUpView.swift */; };
		F23D7CDF2B7FAF320018F325 /* ResetPasswordView.swift in Sources */ = {isa = PBXBuildFile; fileRef = F23D7CDE2B7FAF320018F325 /* ResetPasswordView.swift */; };
/* End PBXBuildFile section */

/* Begin PBXContainerItemProxy section */
		23D1E0F02B7A8FDF00539A62 /* PBXContainerItemProxy */ = {
			isa = PBXContainerItemProxy;
			containerPortal = 23D1E0D72B7A8FDE00539A62 /* Project object */;
			proxyType = 1;
			remoteGlobalIDString = 23D1E0DE2B7A8FDE00539A62;
			remoteInfo = "Serenova 2.0";
		};
		23D1E0FA2B7A8FDF00539A62 /* PBXContainerItemProxy */ = {
			isa = PBXContainerItemProxy;
			containerPortal = 23D1E0D72B7A8FDE00539A62 /* Project object */;
			proxyType = 1;
			remoteGlobalIDString = 23D1E0DE2B7A8FDE00539A62;
			remoteInfo = "Serenova 2.0";
		};
/* End PBXContainerItemProxy section */

/* Begin PBXFileReference section */
		23D1E0DF2B7A8FDE00539A62 /* Serenova 2.0.app */ = {isa = PBXFileReference; explicitFileType = wrapper.application; includeInIndex = 0; path = "Serenova 2.0.app"; sourceTree = BUILT_PRODUCTS_DIR; };
		23D1E0E22B7A8FDE00539A62 /* Serenova_2_0App.swift */ = {isa = PBXFileReference; lastKnownFileType = sourcecode.swift; path = Serenova_2_0App.swift; sourceTree = "<group>"; };
		23D1E0E42B7A8FDE00539A62 /* ContentView.swift */ = {isa = PBXFileReference; lastKnownFileType = sourcecode.swift; path = ContentView.swift; sourceTree = "<group>"; };
		23D1E0E62B7A8FDF00539A62 /* Assets.xcassets */ = {isa = PBXFileReference; lastKnownFileType = folder.assetcatalog; path = Assets.xcassets; sourceTree = "<group>"; };
		23D1E0E92B7A8FDF00539A62 /* Preview Assets.xcassets */ = {isa = PBXFileReference; lastKnownFileType = folder.assetcatalog; path = "Preview Assets.xcassets"; sourceTree = "<group>"; };
		23D1E0EF2B7A8FDF00539A62 /* Serenova 2.0Tests.xctest */ = {isa = PBXFileReference; explicitFileType = wrapper.cfbundle; includeInIndex = 0; path = "Serenova 2.0Tests.xctest"; sourceTree = BUILT_PRODUCTS_DIR; };
		23D1E0F32B7A8FDF00539A62 /* Serenova_2_0Tests.swift */ = {isa = PBXFileReference; lastKnownFileType = sourcecode.swift; path = Serenova_2_0Tests.swift; sourceTree = "<group>"; };
		23D1E0F92B7A8FDF00539A62 /* Serenova 2.0UITests.xctest */ = {isa = PBXFileReference; explicitFileType = wrapper.cfbundle; includeInIndex = 0; path = "Serenova 2.0UITests.xctest"; sourceTree = BUILT_PRODUCTS_DIR; };
		23D1E0FD2B7A8FDF00539A62 /* Serenova_2_0UITests.swift */ = {isa = PBXFileReference; lastKnownFileType = sourcecode.swift; path = Serenova_2_0UITests.swift; sourceTree = "<group>"; };
		23D1E0FF2B7A8FDF00539A62 /* Serenova_2_0UITestsLaunchTests.swift */ = {isa = PBXFileReference; lastKnownFileType = sourcecode.swift; path = Serenova_2_0UITestsLaunchTests.swift; sourceTree = "<group>"; };
		E0231FFD2B7DB93D009A4E39 /* ColorExtensions.swift */ = {isa = PBXFileReference; lastKnownFileType = sourcecode.swift; path = ColorExtensions.swift; sourceTree = "<group>"; };
		E029E4FA2B7DAC4F00E8220B /* SignUpView.swift */ = {isa = PBXFileReference; lastKnownFileType = sourcecode.swift; path = SignUpView.swift; sourceTree = "<group>"; };
		F23D7CDE2B7FAF320018F325 /* ResetPasswordView.swift */ = {isa = PBXFileReference; lastKnownFileType = sourcecode.swift; path = ResetPasswordView.swift; sourceTree = "<group>"; };
/* End PBXFileReference section */

/* Begin PBXFrameworksBuildPhase section */
		23D1E0DC2B7A8FDE00539A62 /* Frameworks */ = {
			isa = PBXFrameworksBuildPhase;
			buildActionMask = 2147483647;
			files = (
			);
			runOnlyForDeploymentPostprocessing = 0;
		};
		23D1E0EC2B7A8FDF00539A62 /* Frameworks */ = {
			isa = PBXFrameworksBuildPhase;
			buildActionMask = 2147483647;
			files = (
			);
			runOnlyForDeploymentPostprocessing = 0;
		};
		23D1E0F62B7A8FDF00539A62 /* Frameworks */ = {
			isa = PBXFrameworksBuildPhase;
			buildActionMask = 2147483647;
			files = (
			);
			runOnlyForDeploymentPostprocessing = 0;
		};
/* End PBXFrameworksBuildPhase section */

/* Begin PBXGroup section */
		23D1E0D62B7A8FDE00539A62 = {
			isa = PBXGroup;
			children = (
				23D1E0E12B7A8FDE00539A62 /* Serenova 2.0 */,
				23D1E0F22B7A8FDF00539A62 /* Serenova 2.0Tests */,
				23D1E0FC2B7A8FDF00539A62 /* Serenova 2.0UITests */,
				23D1E0E02B7A8FDE00539A62 /* Products */,
			);
			sourceTree = "<group>";
		};
		23D1E0E02B7A8FDE00539A62 /* Products */ = {
			isa = PBXGroup;
			children = (
				23D1E0DF2B7A8FDE00539A62 /* Serenova 2.0.app */,
				23D1E0EF2B7A8FDF00539A62 /* Serenova 2.0Tests.xctest */,
				23D1E0F92B7A8FDF00539A62 /* Serenova 2.0UITests.xctest */,
			);
			name = Products;
			sourceTree = "<group>";
		};
		23D1E0E12B7A8FDE00539A62 /* Serenova 2.0 */ = {
			isa = PBXGroup;
			children = (
				E0231FFB2B7DB8F8009A4E39 /* Extensions */,
				23D1E0E22B7A8FDE00539A62 /* Serenova_2_0App.swift */,
				E029E4FA2B7DAC4F00E8220B /* SignUpView.swift */,
				F23D7CDE2B7FAF320018F325 /* ResetPasswordView.swift */,
				23D1E0E42B7A8FDE00539A62 /* ContentView.swift */,
				23D1E0E62B7A8FDF00539A62 /* Assets.xcassets */,
				23D1E0E82B7A8FDF00539A62 /* Preview Content */,
			);
			path = "Serenova 2.0";
			sourceTree = "<group>";
		};
		23D1E0E82B7A8FDF00539A62 /* Preview Content */ = {
			isa = PBXGroup;
			children = (
				23D1E0E92B7A8FDF00539A62 /* Preview Assets.xcassets */,
			);
			path = "Preview Content";
			sourceTree = "<group>";
		};
		23D1E0F22B7A8FDF00539A62 /* Serenova 2.0Tests */ = {
			isa = PBXGroup;
			children = (
				23D1E0F32B7A8FDF00539A62 /* Serenova_2_0Tests.swift */,
			);
			path = "Serenova 2.0Tests";
			sourceTree = "<group>";
		};
		23D1E0FC2B7A8FDF00539A62 /* Serenova 2.0UITests */ = {
			isa = PBXGroup;
			children = (
				23D1E0FD2B7A8FDF00539A62 /* Serenova_2_0UITests.swift */,
				23D1E0FF2B7A8FDF00539A62 /* Serenova_2_0UITestsLaunchTests.swift */,
			);
			path = "Serenova 2.0UITests";
			sourceTree = "<group>";
		};
		E0231FFB2B7DB8F8009A4E39 /* Extensions */ = {
			isa = PBXGroup;
			children = (
				E0231FFD2B7DB93D009A4E39 /* ColorExtensions.swift */,
			);
			path = Extensions;
			sourceTree = "<group>";
		};
/* End PBXGroup section */

/* Begin PBXNativeTarget section */
		23D1E0DE2B7A8FDE00539A62 /* Serenova 2.0 */ = {
			isa = PBXNativeTarget;
			buildConfigurationList = 23D1E1032B7A8FDF00539A62 /* Build configuration list for PBXNativeTarget "Serenova 2.0" */;
			buildPhases = (
				23D1E0DB2B7A8FDE00539A62 /* Sources */,
				23D1E0DC2B7A8FDE00539A62 /* Frameworks */,
				23D1E0DD2B7A8FDE00539A62 /* Resources */,
			);
			buildRules = (
			);
			dependencies = (
			);
			name = "Serenova 2.0";
			productName = "Serenova 2.0";
			productReference = 23D1E0DF2B7A8FDE00539A62 /* Serenova 2.0.app */;
			productType = "com.apple.product-type.application";
		};
		23D1E0EE2B7A8FDF00539A62 /* Serenova 2.0Tests */ = {
			isa = PBXNativeTarget;
			buildConfigurationList = 23D1E1062B7A8FDF00539A62 /* Build configuration list for PBXNativeTarget "Serenova 2.0Tests" */;
			buildPhases = (
				23D1E0EB2B7A8FDF00539A62 /* Sources */,
				23D1E0EC2B7A8FDF00539A62 /* Frameworks */,
				23D1E0ED2B7A8FDF00539A62 /* Resources */,
			);
			buildRules = (
			);
			dependencies = (
				23D1E0F12B7A8FDF00539A62 /* PBXTargetDependency */,
			);
			name = "Serenova 2.0Tests";
			productName = "Serenova 2.0Tests";
			productReference = 23D1E0EF2B7A8FDF00539A62 /* Serenova 2.0Tests.xctest */;
			productType = "com.apple.product-type.bundle.unit-test";
		};
		23D1E0F82B7A8FDF00539A62 /* Serenova 2.0UITests */ = {
			isa = PBXNativeTarget;
			buildConfigurationList = 23D1E1092B7A8FDF00539A62 /* Build configuration list for PBXNativeTarget "Serenova 2.0UITests" */;
			buildPhases = (
				23D1E0F52B7A8FDF00539A62 /* Sources */,
				23D1E0F62B7A8FDF00539A62 /* Frameworks */,
				23D1E0F72B7A8FDF00539A62 /* Resources */,
			);
			buildRules = (
			);
			dependencies = (
				23D1E0FB2B7A8FDF00539A62 /* PBXTargetDependency */,
			);
			name = "Serenova 2.0UITests";
			productName = "Serenova 2.0UITests";
			productReference = 23D1E0F92B7A8FDF00539A62 /* Serenova 2.0UITests.xctest */;
			productType = "com.apple.product-type.bundle.ui-testing";
		};
/* End PBXNativeTarget section */

/* Begin PBXProject section */
		23D1E0D72B7A8FDE00539A62 /* Project object */ = {
			isa = PBXProject;
			attributes = {
				BuildIndependentTargetsInParallel = 1;
				LastSwiftUpdateCheck = 1520;
				LastUpgradeCheck = 1520;
				TargetAttributes = {
					23D1E0DE2B7A8FDE00539A62 = {
						CreatedOnToolsVersion = 15.2;
					};
					23D1E0EE2B7A8FDF00539A62 = {
						CreatedOnToolsVersion = 15.2;
						TestTargetID = 23D1E0DE2B7A8FDE00539A62;
					};
					23D1E0F82B7A8FDF00539A62 = {
						CreatedOnToolsVersion = 15.2;
						TestTargetID = 23D1E0DE2B7A8FDE00539A62;
					};
				};
			};
			buildConfigurationList = 23D1E0DA2B7A8FDE00539A62 /* Build configuration list for PBXProject "Serenova 2.0" */;
			compatibilityVersion = "Xcode 14.0";
			developmentRegion = en;
			hasScannedForEncodings = 0;
			knownRegions = (
				en,
				Base,
			);
			mainGroup = 23D1E0D62B7A8FDE00539A62;
			productRefGroup = 23D1E0E02B7A8FDE00539A62 /* Products */;
			projectDirPath = "";
			projectRoot = "";
			targets = (
				23D1E0DE2B7A8FDE00539A62 /* Serenova 2.0 */,
				23D1E0EE2B7A8FDF00539A62 /* Serenova 2.0Tests */,
				23D1E0F82B7A8FDF00539A62 /* Serenova 2.0UITests */,
			);
		};
/* End PBXProject section */

/* Begin PBXResourcesBuildPhase section */
		23D1E0DD2B7A8FDE00539A62 /* Resources */ = {
			isa = PBXResourcesBuildPhase;
			buildActionMask = 2147483647;
			files = (
				23D1E0EA2B7A8FDF00539A62 /* Preview Assets.xcassets in Resources */,
				23D1E0E72B7A8FDF00539A62 /* Assets.xcassets in Resources */,
			);
			runOnlyForDeploymentPostprocessing = 0;
		};
		23D1E0ED2B7A8FDF00539A62 /* Resources */ = {
			isa = PBXResourcesBuildPhase;
			buildActionMask = 2147483647;
			files = (
			);
			runOnlyForDeploymentPostprocessing = 0;
		};
		23D1E0F72B7A8FDF00539A62 /* Resources */ = {
			isa = PBXResourcesBuildPhase;
			buildActionMask = 2147483647;
			files = (
			);
			runOnlyForDeploymentPostprocessing = 0;
		};
/* End PBXResourcesBuildPhase section */

/* Begin PBXSourcesBuildPhase section */
		23D1E0DB2B7A8FDE00539A62 /* Sources */ = {
			isa = PBXSourcesBuildPhase;
			buildActionMask = 2147483647;
			files = (
				23D1E0E52B7A8FDE00539A62 /* ContentView.swift in Sources */,
				E0231FFE2B7DB93D009A4E39 /* ColorExtensions.swift in Sources */,
				F23D7CDF2B7FAF320018F325 /* ResetPasswordView.swift in Sources */,
				E029E4FB2B7DAC4F00E8220B /* SignUpView.swift in Sources */,
				23D1E0E32B7A8FDE00539A62 /* Serenova_2_0App.swift in Sources */,
			);
			runOnlyForDeploymentPostprocessing = 0;
		};
		23D1E0EB2B7A8FDF00539A62 /* Sources */ = {
			isa = PBXSourcesBuildPhase;
			buildActionMask = 2147483647;
			files = (
				23D1E0F42B7A8FDF00539A62 /* Serenova_2_0Tests.swift in Sources */,
			);
			runOnlyForDeploymentPostprocessing = 0;
		};
		23D1E0F52B7A8FDF00539A62 /* Sources */ = {
			isa = PBXSourcesBuildPhase;
			buildActionMask = 2147483647;
			files = (
				23D1E0FE2B7A8FDF00539A62 /* Serenova_2_0UITests.swift in Sources */,
				23D1E1002B7A8FDF00539A62 /* Serenova_2_0UITestsLaunchTests.swift in Sources */,
			);
			runOnlyForDeploymentPostprocessing = 0;
		};
/* End PBXSourcesBuildPhase section */

/* Begin PBXTargetDependency section */
		23D1E0F12B7A8FDF00539A62 /* PBXTargetDependency */ = {
			isa = PBXTargetDependency;
			target = 23D1E0DE2B7A8FDE00539A62 /* Serenova 2.0 */;
			targetProxy = 23D1E0F02B7A8FDF00539A62 /* PBXContainerItemProxy */;
		};
		23D1E0FB2B7A8FDF00539A62 /* PBXTargetDependency */ = {
			isa = PBXTargetDependency;
			target = 23D1E0DE2B7A8FDE00539A62 /* Serenova 2.0 */;
			targetProxy = 23D1E0FA2B7A8FDF00539A62 /* PBXContainerItemProxy */;
		};
/* End PBXTargetDependency section */

/* Begin XCBuildConfiguration section */
		23D1E1012B7A8FDF00539A62 /* Debug */ = {
			isa = XCBuildConfiguration;
			buildSettings = {
				ALWAYS_SEARCH_USER_PATHS = NO;
				ASSETCATALOG_COMPILER_GENERATE_SWIFT_ASSET_SYMBOL_EXTENSIONS = YES;
				CLANG_ANALYZER_NONNULL = YES;
				CLANG_ANALYZER_NUMBER_OBJECT_CONVERSION = YES_AGGRESSIVE;
				CLANG_CXX_LANGUAGE_STANDARD = "gnu++20";
				CLANG_ENABLE_MODULES = YES;
				CLANG_ENABLE_OBJC_ARC = YES;
				CLANG_ENABLE_OBJC_WEAK = YES;
				CLANG_WARN_BLOCK_CAPTURE_AUTORELEASING = YES;
				CLANG_WARN_BOOL_CONVERSION = YES;
				CLANG_WARN_COMMA = YES;
				CLANG_WARN_CONSTANT_CONVERSION = YES;
				CLANG_WARN_DEPRECATED_OBJC_IMPLEMENTATIONS = YES;
				CLANG_WARN_DIRECT_OBJC_ISA_USAGE = YES_ERROR;
				CLANG_WARN_DOCUMENTATION_COMMENTS = YES;
				CLANG_WARN_EMPTY_BODY = YES;
				CLANG_WARN_ENUM_CONVERSION = YES;
				CLANG_WARN_INFINITE_RECURSION = YES;
				CLANG_WARN_INT_CONVERSION = YES;
				CLANG_WARN_NON_LITERAL_NULL_CONVERSION = YES;
				CLANG_WARN_OBJC_IMPLICIT_RETAIN_SELF = YES;
				CLANG_WARN_OBJC_LITERAL_CONVERSION = YES;
				CLANG_WARN_OBJC_ROOT_CLASS = YES_ERROR;
				CLANG_WARN_QUOTED_INCLUDE_IN_FRAMEWORK_HEADER = YES;
				CLANG_WARN_RANGE_LOOP_ANALYSIS = YES;
				CLANG_WARN_STRICT_PROTOTYPES = YES;
				CLANG_WARN_SUSPICIOUS_MOVE = YES;
				CLANG_WARN_UNGUARDED_AVAILABILITY = YES_AGGRESSIVE;
				CLANG_WARN_UNREACHABLE_CODE = YES;
				CLANG_WARN__DUPLICATE_METHOD_MATCH = YES;
				COPY_PHASE_STRIP = NO;
				DEBUG_INFORMATION_FORMAT = dwarf;
				ENABLE_STRICT_OBJC_MSGSEND = YES;
				ENABLE_TESTABILITY = YES;
				ENABLE_USER_SCRIPT_SANDBOXING = YES;
				GCC_C_LANGUAGE_STANDARD = gnu17;
				GCC_DYNAMIC_NO_PIC = NO;
				GCC_NO_COMMON_BLOCKS = YES;
				GCC_OPTIMIZATION_LEVEL = 0;
				GCC_PREPROCESSOR_DEFINITIONS = (
					"DEBUG=1",
					"$(inherited)",
				);
				GCC_WARN_64_TO_32_BIT_CONVERSION = YES;
				GCC_WARN_ABOUT_RETURN_TYPE = YES_ERROR;
				GCC_WARN_UNDECLARED_SELECTOR = YES;
				GCC_WARN_UNINITIALIZED_AUTOS = YES_AGGRESSIVE;
				GCC_WARN_UNUSED_FUNCTION = YES;
				GCC_WARN_UNUSED_VARIABLE = YES;
				IPHONEOS_DEPLOYMENT_TARGET = 17.2;
				LOCALIZATION_PREFERS_STRING_CATALOGS = YES;
				MTL_ENABLE_DEBUG_INFO = INCLUDE_SOURCE;
				MTL_FAST_MATH = YES;
				ONLY_ACTIVE_ARCH = YES;
				SDKROOT = iphoneos;
				SWIFT_ACTIVE_COMPILATION_CONDITIONS = "DEBUG $(inherited)";
				SWIFT_OPTIMIZATION_LEVEL = "-Onone";
			};
			name = Debug;
		};
		23D1E1022B7A8FDF00539A62 /* Release */ = {
			isa = XCBuildConfiguration;
			buildSettings = {
				ALWAYS_SEARCH_USER_PATHS = NO;
				ASSETCATALOG_COMPILER_GENERATE_SWIFT_ASSET_SYMBOL_EXTENSIONS = YES;
				CLANG_ANALYZER_NONNULL = YES;
				CLANG_ANALYZER_NUMBER_OBJECT_CONVERSION = YES_AGGRESSIVE;
				CLANG_CXX_LANGUAGE_STANDARD = "gnu++20";
				CLANG_ENABLE_MODULES = YES;
				CLANG_ENABLE_OBJC_ARC = YES;
				CLANG_ENABLE_OBJC_WEAK = YES;
				CLANG_WARN_BLOCK_CAPTURE_AUTORELEASING = YES;
				CLANG_WARN_BOOL_CONVERSION = YES;
				CLANG_WARN_COMMA = YES;
				CLANG_WARN_CONSTANT_CONVERSION = YES;
				CLANG_WARN_DEPRECATED_OBJC_IMPLEMENTATIONS = YES;
				CLANG_WARN_DIRECT_OBJC_ISA_USAGE = YES_ERROR;
				CLANG_WARN_DOCUMENTATION_COMMENTS = YES;
				CLANG_WARN_EMPTY_BODY = YES;
				CLANG_WARN_ENUM_CONVERSION = YES;
				CLANG_WARN_INFINITE_RECURSION = YES;
				CLANG_WARN_INT_CONVERSION = YES;
				CLANG_WARN_NON_LITERAL_NULL_CONVERSION = YES;
				CLANG_WARN_OBJC_IMPLICIT_RETAIN_SELF = YES;
				CLANG_WARN_OBJC_LITERAL_CONVERSION = YES;
				CLANG_WARN_OBJC_ROOT_CLASS = YES_ERROR;
				CLANG_WARN_QUOTED_INCLUDE_IN_FRAMEWORK_HEADER = YES;
				CLANG_WARN_RANGE_LOOP_ANALYSIS = YES;
				CLANG_WARN_STRICT_PROTOTYPES = YES;
				CLANG_WARN_SUSPICIOUS_MOVE = YES;
				CLANG_WARN_UNGUARDED_AVAILABILITY = YES_AGGRESSIVE;
				CLANG_WARN_UNREACHABLE_CODE = YES;
				CLANG_WARN__DUPLICATE_METHOD_MATCH = YES;
				COPY_PHASE_STRIP = NO;
				DEBUG_INFORMATION_FORMAT = "dwarf-with-dsym";
				ENABLE_NS_ASSERTIONS = NO;
				ENABLE_STRICT_OBJC_MSGSEND = YES;
				ENABLE_USER_SCRIPT_SANDBOXING = YES;
				GCC_C_LANGUAGE_STANDARD = gnu17;
				GCC_NO_COMMON_BLOCKS = YES;
				GCC_WARN_64_TO_32_BIT_CONVERSION = YES;
				GCC_WARN_ABOUT_RETURN_TYPE = YES_ERROR;
				GCC_WARN_UNDECLARED_SELECTOR = YES;
				GCC_WARN_UNINITIALIZED_AUTOS = YES_AGGRESSIVE;
				GCC_WARN_UNUSED_FUNCTION = YES;
				GCC_WARN_UNUSED_VARIABLE = YES;
				IPHONEOS_DEPLOYMENT_TARGET = 17.2;
				LOCALIZATION_PREFERS_STRING_CATALOGS = YES;
				MTL_ENABLE_DEBUG_INFO = NO;
				MTL_FAST_MATH = YES;
				SDKROOT = iphoneos;
				SWIFT_COMPILATION_MODE = wholemodule;
				VALIDATE_PRODUCT = YES;
			};
			name = Release;
		};
		23D1E1042B7A8FDF00539A62 /* Debug */ = {
			isa = XCBuildConfiguration;
			buildSettings = {
				ASSETCATALOG_COMPILER_APPICON_NAME = AppIcon;
				ASSETCATALOG_COMPILER_GLOBAL_ACCENT_COLOR_NAME = AccentColor;
				CODE_SIGN_STYLE = Automatic;
				CURRENT_PROJECT_VERSION = 1;
				DEVELOPMENT_ASSET_PATHS = "\"Serenova 2.0/Preview Content\"";
				DEVELOPMENT_TEAM = 9298P5Q8AB;
				ENABLE_PREVIEWS = YES;
				GENERATE_INFOPLIST_FILE = YES;
				INFOPLIST_KEY_UIApplicationSceneManifest_Generation = YES;
				INFOPLIST_KEY_UIApplicationSupportsIndirectInputEvents = YES;
				INFOPLIST_KEY_UILaunchScreen_Generation = YES;
				INFOPLIST_KEY_UISupportedInterfaceOrientations_iPad = "UIInterfaceOrientationPortrait UIInterfaceOrientationPortraitUpsideDown UIInterfaceOrientationLandscapeLeft UIInterfaceOrientationLandscapeRight";
				INFOPLIST_KEY_UISupportedInterfaceOrientations_iPhone = "UIInterfaceOrientationPortrait UIInterfaceOrientationLandscapeLeft UIInterfaceOrientationLandscapeRight";
				LD_RUNPATH_SEARCH_PATHS = (
					"$(inherited)",
					"@executable_path/Frameworks",
				);
				MARKETING_VERSION = 1.0;
				PRODUCT_BUNDLE_IDENTIFIER = "here.Serenova-2-0";
				PRODUCT_NAME = "$(TARGET_NAME)";
				SWIFT_EMIT_LOC_STRINGS = YES;
				SWIFT_VERSION = 5.0;
				TARGETED_DEVICE_FAMILY = "1,2";
			};
			name = Debug;
		};
		23D1E1052B7A8FDF00539A62 /* Release */ = {
			isa = XCBuildConfiguration;
			buildSettings = {
				ASSETCATALOG_COMPILER_APPICON_NAME = AppIcon;
				ASSETCATALOG_COMPILER_GLOBAL_ACCENT_COLOR_NAME = AccentColor;
				CODE_SIGN_STYLE = Automatic;
				CURRENT_PROJECT_VERSION = 1;
				DEVELOPMENT_ASSET_PATHS = "\"Serenova 2.0/Preview Content\"";
				DEVELOPMENT_TEAM = 9298P5Q8AB;
				ENABLE_PREVIEWS = YES;
				GENERATE_INFOPLIST_FILE = YES;
				INFOPLIST_KEY_UIApplicationSceneManifest_Generation = YES;
				INFOPLIST_KEY_UIApplicationSupportsIndirectInputEvents = YES;
				INFOPLIST_KEY_UILaunchScreen_Generation = YES;
				INFOPLIST_KEY_UISupportedInterfaceOrientations_iPad = "UIInterfaceOrientationPortrait UIInterfaceOrientationPortraitUpsideDown UIInterfaceOrientationLandscapeLeft UIInterfaceOrientationLandscapeRight";
				INFOPLIST_KEY_UISupportedInterfaceOrientations_iPhone = "UIInterfaceOrientationPortrait UIInterfaceOrientationLandscapeLeft UIInterfaceOrientationLandscapeRight";
				LD_RUNPATH_SEARCH_PATHS = (
					"$(inherited)",
					"@executable_path/Frameworks",
				);
				MARKETING_VERSION = 1.0;
				PRODUCT_BUNDLE_IDENTIFIER = "here.Serenova-2-0";
				PRODUCT_NAME = "$(TARGET_NAME)";
				SWIFT_EMIT_LOC_STRINGS = YES;
				SWIFT_VERSION = 5.0;
				TARGETED_DEVICE_FAMILY = "1,2";
			};
			name = Release;
		};
		23D1E1072B7A8FDF00539A62 /* Debug */ = {
			isa = XCBuildConfiguration;
			buildSettings = {
				ALWAYS_EMBED_SWIFT_STANDARD_LIBRARIES = YES;
				BUNDLE_LOADER = "$(TEST_HOST)";
				CODE_SIGN_STYLE = Automatic;
				CURRENT_PROJECT_VERSION = 1;
				DEVELOPMENT_TEAM = 9298P5Q8AB;
				GENERATE_INFOPLIST_FILE = YES;
				IPHONEOS_DEPLOYMENT_TARGET = 17.2;
				MARKETING_VERSION = 1.0;
				PRODUCT_BUNDLE_IDENTIFIER = "here.Serenova-2-0Tests";
				PRODUCT_NAME = "$(TARGET_NAME)";
				SWIFT_EMIT_LOC_STRINGS = NO;
				SWIFT_VERSION = 5.0;
				TARGETED_DEVICE_FAMILY = "1,2";
				TEST_HOST = "$(BUILT_PRODUCTS_DIR)/Serenova 2.0.app/$(BUNDLE_EXECUTABLE_FOLDER_PATH)/Serenova 2.0";
			};
			name = Debug;
		};
		23D1E1082B7A8FDF00539A62 /* Release */ = {
			isa = XCBuildConfiguration;
			buildSettings = {
				ALWAYS_EMBED_SWIFT_STANDARD_LIBRARIES = YES;
				BUNDLE_LOADER = "$(TEST_HOST)";
				CODE_SIGN_STYLE = Automatic;
				CURRENT_PROJECT_VERSION = 1;
				DEVELOPMENT_TEAM = 9298P5Q8AB;
				GENERATE_INFOPLIST_FILE = YES;
				IPHONEOS_DEPLOYMENT_TARGET = 17.2;
				MARKETING_VERSION = 1.0;
				PRODUCT_BUNDLE_IDENTIFIER = "here.Serenova-2-0Tests";
				PRODUCT_NAME = "$(TARGET_NAME)";
				SWIFT_EMIT_LOC_STRINGS = NO;
				SWIFT_VERSION = 5.0;
				TARGETED_DEVICE_FAMILY = "1,2";
				TEST_HOST = "$(BUILT_PRODUCTS_DIR)/Serenova 2.0.app/$(BUNDLE_EXECUTABLE_FOLDER_PATH)/Serenova 2.0";
			};
			name = Release;
		};
		23D1E10A2B7A8FDF00539A62 /* Debug */ = {
			isa = XCBuildConfiguration;
			buildSettings = {
				ALWAYS_EMBED_SWIFT_STANDARD_LIBRARIES = YES;
				CODE_SIGN_STYLE = Automatic;
				CURRENT_PROJECT_VERSION = 1;
				DEVELOPMENT_TEAM = 9298P5Q8AB;
				GENERATE_INFOPLIST_FILE = YES;
				MARKETING_VERSION = 1.0;
				PRODUCT_BUNDLE_IDENTIFIER = "here.Serenova-2-0UITests";
				PRODUCT_NAME = "$(TARGET_NAME)";
				SWIFT_EMIT_LOC_STRINGS = NO;
				SWIFT_VERSION = 5.0;
				TARGETED_DEVICE_FAMILY = "1,2";
				TEST_TARGET_NAME = "Serenova 2.0";
			};
			name = Debug;
		};
		23D1E10B2B7A8FDF00539A62 /* Release */ = {
			isa = XCBuildConfiguration;
			buildSettings = {
				ALWAYS_EMBED_SWIFT_STANDARD_LIBRARIES = YES;
				CODE_SIGN_STYLE = Automatic;
				CURRENT_PROJECT_VERSION = 1;
				DEVELOPMENT_TEAM = 9298P5Q8AB;
				GENERATE_INFOPLIST_FILE = YES;
				MARKETING_VERSION = 1.0;
				PRODUCT_BUNDLE_IDENTIFIER = "here.Serenova-2-0UITests";
				PRODUCT_NAME = "$(TARGET_NAME)";
				SWIFT_EMIT_LOC_STRINGS = NO;
				SWIFT_VERSION = 5.0;
				TARGETED_DEVICE_FAMILY = "1,2";
				TEST_TARGET_NAME = "Serenova 2.0";
			};
			name = Release;
		};
/* End XCBuildConfiguration section */

/* Begin XCConfigurationList section */
		23D1E0DA2B7A8FDE00539A62 /* Build configuration list for PBXProject "Serenova 2.0" */ = {
			isa = XCConfigurationList;
			buildConfigurations = (
				23D1E1012B7A8FDF00539A62 /* Debug */,
				23D1E1022B7A8FDF00539A62 /* Release */,
			);
			defaultConfigurationIsVisible = 0;
			defaultConfigurationName = Release;
		};
		23D1E1032B7A8FDF00539A62 /* Build configuration list for PBXNativeTarget "Serenova 2.0" */ = {
			isa = XCConfigurationList;
			buildConfigurations = (
				23D1E1042B7A8FDF00539A62 /* Debug */,
				23D1E1052B7A8FDF00539A62 /* Release */,
			);
			defaultConfigurationIsVisible = 0;
			defaultConfigurationName = Release;
		};
		23D1E1062B7A8FDF00539A62 /* Build configuration list for PBXNativeTarget "Serenova 2.0Tests" */ = {
			isa = XCConfigurationList;
			buildConfigurations = (
				23D1E1072B7A8FDF00539A62 /* Debug */,
				23D1E1082B7A8FDF00539A62 /* Release */,
			);
			defaultConfigurationIsVisible = 0;
			defaultConfigurationName = Release;
		};
		23D1E1092B7A8FDF00539A62 /* Build configuration list for PBXNativeTarget "Serenova 2.0UITests" */ = {
			isa = XCConfigurationList;
			buildConfigurations = (
				23D1E10A2B7A8FDF00539A62 /* Debug */,
				23D1E10B2B7A8FDF00539A62 /* Release */,
			);
			defaultConfigurationIsVisible = 0;
			defaultConfigurationName = Release;
		};
/* End XCConfigurationList section */
	};
	rootObject = 23D1E0D72B7A8FDE00539A62 /* Project object */;
}
